// !$*UTF8*$!
{
	archiveVersion = 1;
	classes = {
	};
	objectVersion = 60;
	objects = {

/* Begin PBXBuildFile section */
		5C043AC32BEB7C1200C837D1 /* AppLogger.swift in Sources */ = {isa = PBXBuildFile; fileRef = 5C4288652BDA5536000C0828 /* AppLogger.swift */; };
		5C119D072BBE9B9900B2D7C4 /* RClickApp.swift in Sources */ = {isa = PBXBuildFile; fileRef = 5C119D062BBE9B9900B2D7C4 /* RClickApp.swift */; };
		5C119D0D2BBE9B9B00B2D7C4 /* Assets.xcassets in Resources */ = {isa = PBXBuildFile; fileRef = 5C119D0C2BBE9B9B00B2D7C4 /* Assets.xcassets */; };
		5C119D102BBE9B9B00B2D7C4 /* Preview Assets.xcassets in Resources */ = {isa = PBXBuildFile; fileRef = 5C119D0F2BBE9B9B00B2D7C4 /* Preview Assets.xcassets */; };
		5C119D182BBE9C8F00B2D7C4 /* MenuBarView.swift in Sources */ = {isa = PBXBuildFile; fileRef = 5C119D172BBE9C8F00B2D7C4 /* MenuBarView.swift */; };
		5C119D1A2BBE9D5700B2D7C4 /* SettingsView.swift in Sources */ = {isa = PBXBuildFile; fileRef = 5C119D192BBE9D5700B2D7C4 /* SettingsView.swift */; };
		5C119D332BBEA9AC00B2D7C4 /* FinderSyncExt.swift in Sources */ = {isa = PBXBuildFile; fileRef = 5C119D322BBEA9AC00B2D7C4 /* FinderSyncExt.swift */; };
		5C158AA92BC64654006EC625 /* GeneralSettingsTabView.swift in Sources */ = {isa = PBXBuildFile; fileRef = 5C158AA82BC64654006EC625 /* GeneralSettingsTabView.swift */; };
		5C28E72E2D1900CB00A9F4C1 /* ZIPFoundation in Frameworks */ = {isa = PBXBuildFile; productRef = 5C28E72D2D1900CB00A9F4C1 /* ZIPFoundation */; };
		5C28E7302D19018D00A9F4C1 /* ZIPFoundation in Frameworks */ = {isa = PBXBuildFile; productRef = 5C28E72F2D19018D00A9F4C1 /* ZIPFoundation */; };
		5C28E7352D190F5800A9F4C1 /* OrderedCollections in Frameworks */ = {isa = PBXBuildFile; productRef = 5C28E7342D190F5800A9F4C1 /* OrderedCollections */; };
		5C28E7372D190F6300A9F4C1 /* OrderedCollections in Frameworks */ = {isa = PBXBuildFile; productRef = 5C28E7362D190F6300A9F4C1 /* OrderedCollections */; };
		5C2E56412DE2DE3400ED66C8 /* template.xlsx in Resources */ = {isa = PBXBuildFile; fileRef = 5C2E56402DE2DE3400ED66C8 /* template.xlsx */; };
		5C34BAA52D943AF100CF8128 /* Utils.swift in Sources */ = {isa = PBXBuildFile; fileRef = 5C34BAA42D943AF100CF8128 /* Utils.swift */; };
		5C34BAA62D943AF100CF8128 /* Utils.swift in Sources */ = {isa = PBXBuildFile; fileRef = 5C34BAA42D943AF100CF8128 /* Utils.swift */; };
		5C4288662BDA5536000C0828 /* AppLogger.swift in Sources */ = {isa = PBXBuildFile; fileRef = 5C4288652BDA5536000C0828 /* AppLogger.swift */; };
		5C50D25A2BBED0FE00DF31AA /* AboutSettingsTabView.swift in Sources */ = {isa = PBXBuildFile; fileRef = 5C50D2592BBED0FE00DF31AA /* AboutSettingsTabView.swift */; };
		5C50D2822BBFB33200DF31AA /* StringExtension.swift in Sources */ = {isa = PBXBuildFile; fileRef = 5C50D2812BBFB33200DF31AA /* StringExtension.swift */; };
		5C50D2922BBFD11100DF31AA /* StringExtension.swift in Sources */ = {isa = PBXBuildFile; fileRef = 5C50D2812BBFB33200DF31AA /* StringExtension.swift */; };
		5C68BFE12C6651B80011C096 /* Extension+.swift in Sources */ = {isa = PBXBuildFile; fileRef = 5C68BFE02C6651B80011C096 /* Extension+.swift */; };
		5C68BFE22C6651B80011C096 /* Extension+.swift in Sources */ = {isa = PBXBuildFile; fileRef = 5C68BFE02C6651B80011C096 /* Extension+.swift */; };
		5C68BFE62C67707D0011C096 /* Assets.xcassets in Resources */ = {isa = PBXBuildFile; fileRef = 5C119D0C2BBE9B9B00B2D7C4 /* Assets.xcassets */; };
		5C74BA712D977DCD005673DB /* CommonDirsSettingTabView.swift in Sources */ = {isa = PBXBuildFile; fileRef = 5C74BA702D977DCD005673DB /* CommonDirsSettingTabView.swift */; };
		5C7C2DA02BDD3FE500ED84EF /* Localizable.xcstrings in Resources */ = {isa = PBXBuildFile; fileRef = 5C7C2D9F2BDD3FE500ED84EF /* Localizable.xcstrings */; };
		5C7C2DA12BDD3FE500ED84EF /* Localizable.xcstrings in Resources */ = {isa = PBXBuildFile; fileRef = 5C7C2D9F2BDD3FE500ED84EF /* Localizable.xcstrings */; };
		5C945D022CA50AC000DABD2C /* RCBase.swift in Sources */ = {isa = PBXBuildFile; fileRef = 5C945D012CA50AAC00DABD2C /* RCBase.swift */; };
		5C945D032CA50AC000DABD2C /* RCBase.swift in Sources */ = {isa = PBXBuildFile; fileRef = 5C945D012CA50AAC00DABD2C /* RCBase.swift */; };
		5C945D062CA51B8F00DABD2C /* AppState.swift in Sources */ = {isa = PBXBuildFile; fileRef = 5C945D052CA51B8F00DABD2C /* AppState.swift */; };
		5C945D072CA51B8F00DABD2C /* AppState.swift in Sources */ = {isa = PBXBuildFile; fileRef = 5C945D052CA51B8F00DABD2C /* AppState.swift */; };
		5CAF679F2CA68C8900B0AFD2 /* FinderSyncExt.appex in Embed Foundation Extensions */ = {isa = PBXBuildFile; fileRef = 5C119D302BBEA9AC00B2D7C4 /* FinderSyncExt.appex */; settings = {ATTRIBUTES = (RemoveHeadersOnCopy, ); }; };
		5CB470D32CEB7A3B009BC725 /* NewFileSettingsTabView.swift in Sources */ = {isa = PBXBuildFile; fileRef = 5CB470D22CEB7A3B009BC725 /* NewFileSettingsTabView.swift */; };
		5CB470D52CEB7A75009BC725 /* AppsSettingsTabView.swift in Sources */ = {isa = PBXBuildFile; fileRef = 5CB470D42CEB7A75009BC725 /* AppsSettingsTabView.swift */; };
		5CC9F09A2BC5445C00AF9B81 /* Messager.swift in Sources */ = {isa = PBXBuildFile; fileRef = 5CC9F0992BC5445C00AF9B81 /* Messager.swift */; };
		5CC9F09B2BC5464400AF9B81 /* Messager.swift in Sources */ = {isa = PBXBuildFile; fileRef = 5CC9F0992BC5445C00AF9B81 /* Messager.swift */; };
		5CC9F09D2BC567F000AF9B81 /* ActionSettingsTabView.swift in Sources */ = {isa = PBXBuildFile; fileRef = 5CC9F09C2BC567F000AF9B81 /* ActionSettingsTabView.swift */; };
		5CDFE3162CA3D65000AE6C95 /* SettingsWindow.swift in Sources */ = {isa = PBXBuildFile; fileRef = 5CDFE3152CA3D63B00AE6C95 /* SettingsWindow.swift */; };
		5CDFE3182CA3D66B00AE6C95 /* Constants.swift in Sources */ = {isa = PBXBuildFile; fileRef = 5CDFE3172CA3D66000AE6C95 /* Constants.swift */; };
		5CDFE3192CA3D66B00AE6C95 /* Constants.swift in Sources */ = {isa = PBXBuildFile; fileRef = 5CDFE3172CA3D66000AE6C95 /* Constants.swift */; };
		5CFA85742D1477AD0063A6A1 /* LaunchAtLogin.swift in Sources */ = {isa = PBXBuildFile; fileRef = 5CFA85732D1477AD0063A6A1 /* LaunchAtLogin.swift */; };
/* End PBXBuildFile section */

/* Begin PBXContainerItemProxy section */
		5CAF67A02CA68C8900B0AFD2 /* PBXContainerItemProxy */ = {
			isa = PBXContainerItemProxy;
			containerPortal = 5C119CFB2BBE9B9900B2D7C4 /* Project object */;
			proxyType = 1;
			remoteGlobalIDString = 5C119D2F2BBEA9AC00B2D7C4;
			remoteInfo = FinderSyncExt;
		};
/* End PBXContainerItemProxy section */

/* Begin PBXCopyFilesBuildPhase section */
		5CAF67A22CA68C8900B0AFD2 /* Embed Foundation Extensions */ = {
			isa = PBXCopyFilesBuildPhase;
			buildActionMask = 12;
			dstPath = "";
			dstSubfolderSpec = 13;
			files = (
				5CAF679F2CA68C8900B0AFD2 /* FinderSyncExt.appex in Embed Foundation Extensions */,
			);
			name = "Embed Foundation Extensions";
			runOnlyForDeploymentPostprocessing = 0;
		};
/* End PBXCopyFilesBuildPhase section */

/* Begin PBXFileReference section */
		5C119D032BBE9B9900B2D7C4 /* RClick.app */ = {isa = PBXFileReference; explicitFileType = wrapper.application; includeInIndex = 0; path = RClick.app; sourceTree = BUILT_PRODUCTS_DIR; };
		5C119D062BBE9B9900B2D7C4 /* RClickApp.swift */ = {isa = PBXFileReference; lastKnownFileType = sourcecode.swift; path = RClickApp.swift; sourceTree = "<group>"; };
		5C119D0C2BBE9B9B00B2D7C4 /* Assets.xcassets */ = {isa = PBXFileReference; lastKnownFileType = folder.assetcatalog; path = Assets.xcassets; sourceTree = "<group>"; };
		5C119D0F2BBE9B9B00B2D7C4 /* Preview Assets.xcassets */ = {isa = PBXFileReference; lastKnownFileType = folder.assetcatalog; path = "Preview Assets.xcassets"; sourceTree = "<group>"; };
		5C119D112BBE9B9B00B2D7C4 /* RClick.entitlements */ = {isa = PBXFileReference; lastKnownFileType = text.plist.entitlements; path = RClick.entitlements; sourceTree = "<group>"; };
		5C119D172BBE9C8F00B2D7C4 /* MenuBarView.swift */ = {isa = PBXFileReference; lastKnownFileType = sourcecode.swift; path = MenuBarView.swift; sourceTree = "<group>"; };
		5C119D192BBE9D5700B2D7C4 /* SettingsView.swift */ = {isa = PBXFileReference; lastKnownFileType = sourcecode.swift; path = SettingsView.swift; sourceTree = "<group>"; };
		5C119D302BBEA9AC00B2D7C4 /* FinderSyncExt.appex */ = {isa = PBXFileReference; explicitFileType = "wrapper.app-extension"; includeInIndex = 0; path = FinderSyncExt.appex; sourceTree = BUILT_PRODUCTS_DIR; };
		5C119D322BBEA9AC00B2D7C4 /* FinderSyncExt.swift */ = {isa = PBXFileReference; lastKnownFileType = sourcecode.swift; path = FinderSyncExt.swift; sourceTree = "<group>"; };
		5C119D342BBEA9AC00B2D7C4 /* Info.plist */ = {isa = PBXFileReference; lastKnownFileType = text.plist.xml; path = Info.plist; sourceTree = "<group>"; };
		5C158AA82BC64654006EC625 /* GeneralSettingsTabView.swift */ = {isa = PBXFileReference; lastKnownFileType = sourcecode.swift; path = GeneralSettingsTabView.swift; sourceTree = "<group>"; };
		5C1DA5B02BC59978004F88BC /* Info.plist */ = {isa = PBXFileReference; lastKnownFileType = text.plist; path = Info.plist; sourceTree = "<group>"; };
		5C2E56402DE2DE3400ED66C8 /* template.xlsx */ = {isa = PBXFileReference; lastKnownFileType = file; name = template.xlsx; path = RClick/Resources/template.xlsx; sourceTree = SOURCE_ROOT; };
		5C34BAA42D943AF100CF8128 /* Utils.swift */ = {isa = PBXFileReference; lastKnownFileType = sourcecode.swift; path = Utils.swift; sourceTree = "<group>"; };
		5C4288652BDA5536000C0828 /* AppLogger.swift */ = {isa = PBXFileReference; lastKnownFileType = sourcecode.swift; path = AppLogger.swift; sourceTree = "<group>"; };
		5C50D2542BBEB27900DF31AA /* README.md */ = {isa = PBXFileReference; lastKnownFileType = net.daringfireball.markdown; path = README.md; sourceTree = "<group>"; };
		5C50D2592BBED0FE00DF31AA /* AboutSettingsTabView.swift */ = {isa = PBXFileReference; lastKnownFileType = sourcecode.swift; path = AboutSettingsTabView.swift; sourceTree = "<group>"; };
		5C50D2812BBFB33200DF31AA /* StringExtension.swift */ = {isa = PBXFileReference; lastKnownFileType = sourcecode.swift; path = StringExtension.swift; sourceTree = "<group>"; };
		5C68BFE02C6651B80011C096 /* Extension+.swift */ = {isa = PBXFileReference; lastKnownFileType = sourcecode.swift; path = "Extension+.swift"; sourceTree = "<group>"; };
		5C74BA702D977DCD005673DB /* CommonDirsSettingTabView.swift */ = {isa = PBXFileReference; lastKnownFileType = sourcecode.swift; path = CommonDirsSettingTabView.swift; sourceTree = "<group>"; };
		5C7C2D9F2BDD3FE500ED84EF /* Localizable.xcstrings */ = {isa = PBXFileReference; lastKnownFileType = text.json.xcstrings; path = Localizable.xcstrings; sourceTree = "<group>"; };
		5C945D012CA50AAC00DABD2C /* RCBase.swift */ = {isa = PBXFileReference; lastKnownFileType = sourcecode.swift; path = RCBase.swift; sourceTree = "<group>"; };
		5C945D052CA51B8F00DABD2C /* AppState.swift */ = {isa = PBXFileReference; lastKnownFileType = sourcecode.swift; path = AppState.swift; sourceTree = "<group>"; };
		5CB470D22CEB7A3B009BC725 /* NewFileSettingsTabView.swift */ = {isa = PBXFileReference; lastKnownFileType = sourcecode.swift; path = NewFileSettingsTabView.swift; sourceTree = "<group>"; };
		5CB470D42CEB7A75009BC725 /* AppsSettingsTabView.swift */ = {isa = PBXFileReference; lastKnownFileType = sourcecode.swift; path = AppsSettingsTabView.swift; sourceTree = "<group>"; };
		5CC9F0992BC5445C00AF9B81 /* Messager.swift */ = {isa = PBXFileReference; lastKnownFileType = sourcecode.swift; path = Messager.swift; sourceTree = "<group>"; };
		5CC9F09C2BC567F000AF9B81 /* ActionSettingsTabView.swift */ = {isa = PBXFileReference; lastKnownFileType = sourcecode.swift; path = ActionSettingsTabView.swift; sourceTree = "<group>"; };
		5CDE94A82BCADA0500B05814 /* FinderSyncExt.entitlements */ = {isa = PBXFileReference; lastKnownFileType = text.plist.entitlements; path = FinderSyncExt.entitlements; sourceTree = "<group>"; };
		5CDFE3152CA3D63B00AE6C95 /* SettingsWindow.swift */ = {isa = PBXFileReference; lastKnownFileType = sourcecode.swift; path = SettingsWindow.swift; sourceTree = "<group>"; };
		5CDFE3172CA3D66000AE6C95 /* Constants.swift */ = {isa = PBXFileReference; lastKnownFileType = sourcecode.swift; path = Constants.swift; sourceTree = "<group>"; };
		5CFA85732D1477AD0063A6A1 /* LaunchAtLogin.swift */ = {isa = PBXFileReference; lastKnownFileType = sourcecode.swift; path = LaunchAtLogin.swift; sourceTree = "<group>"; };
/* End PBXFileReference section */

/* Begin PBXFrameworksBuildPhase section */
		5C119D002BBE9B9900B2D7C4 /* Frameworks */ = {
			isa = PBXFrameworksBuildPhase;
			buildActionMask = 2147483647;
			files = (
				5C28E72E2D1900CB00A9F4C1 /* ZIPFoundation in Frameworks */,
				5C28E7372D190F6300A9F4C1 /* OrderedCollections in Frameworks */,
			);
			runOnlyForDeploymentPostprocessing = 0;
		};
		5C119D2D2BBEA9AC00B2D7C4 /* Frameworks */ = {
			isa = PBXFrameworksBuildPhase;
			buildActionMask = 2147483647;
			files = (
				5C28E7352D190F5800A9F4C1 /* OrderedCollections in Frameworks */,
				5C28E7302D19018D00A9F4C1 /* ZIPFoundation in Frameworks */,
			);
			runOnlyForDeploymentPostprocessing = 0;
		};
/* End PBXFrameworksBuildPhase section */

/* Begin PBXGroup section */
		5C119CFA2BBE9B9900B2D7C4 = {
			isa = PBXGroup;
			children = (
				5C50D2542BBEB27900DF31AA /* README.md */,
				5C119D052BBE9B9900B2D7C4 /* RClick */,
				5C119D312BBEA9AC00B2D7C4 /* FinderSyncExt */,
				5C119D042BBE9B9900B2D7C4 /* Products */,
				5C50D28B2BBFCFC400DF31AA /* Frameworks */,
			);
			sourceTree = "<group>";
		};
		5C119D042BBE9B9900B2D7C4 /* Products */ = {
			isa = PBXGroup;
			children = (
				5C119D032BBE9B9900B2D7C4 /* RClick.app */,
				5C119D302BBEA9AC00B2D7C4 /* FinderSyncExt.appex */,
			);
			name = Products;
			sourceTree = "<group>";
		};
		5C119D052BBE9B9900B2D7C4 /* RClick */ = {
			isa = PBXGroup;
			children = (
				5C2E563F2DE2DE0200ED66C8 /* Resources */,
				5C945D042CA51B7A00DABD2C /* Main */,
				5CDFE3142CA3D5FB00AE6C95 /* Settings */,
				5C50D2932BBFD17C00DF31AA /* Model */,
				5C1DA5B02BC59978004F88BC /* Info.plist */,
				5C50D27D2BBFB1E100DF31AA /* Shared */,
				5C119D062BBE9B9900B2D7C4 /* RClickApp.swift */,
				5C945D052CA51B8F00DABD2C /* AppState.swift */,
				5C119D172BBE9C8F00B2D7C4 /* MenuBarView.swift */,
				5C119D0C2BBE9B9B00B2D7C4 /* Assets.xcassets */,
				5C119D112BBE9B9B00B2D7C4 /* RClick.entitlements */,
				5C119D0E2BBE9B9B00B2D7C4 /* Preview Content */,
				5C7C2D9F2BDD3FE500ED84EF /* Localizable.xcstrings */,
			);
			path = RClick;
			sourceTree = "<group>";
		};
		5C119D0E2BBE9B9B00B2D7C4 /* Preview Content */ = {
			isa = PBXGroup;
			children = (
				5C119D0F2BBE9B9B00B2D7C4 /* Preview Assets.xcassets */,
			);
			path = "Preview Content";
			sourceTree = "<group>";
		};
		5C119D312BBEA9AC00B2D7C4 /* FinderSyncExt */ = {
			isa = PBXGroup;
			children = (
				5CDE94A82BCADA0500B05814 /* FinderSyncExt.entitlements */,
				5C119D322BBEA9AC00B2D7C4 /* FinderSyncExt.swift */,
				5C119D342BBEA9AC00B2D7C4 /* Info.plist */,
			);
			path = FinderSyncExt;
			sourceTree = "<group>";
		};
		5C2E563F2DE2DE0200ED66C8 /* Resources */ = {
			isa = PBXGroup;
			children = (
				5C2E56402DE2DE3400ED66C8 /* template.xlsx */,
			);
			path = Resources;
			sourceTree = "<group>";
		};
		5C50D27D2BBFB1E100DF31AA /* Shared */ = {
			isa = PBXGroup;
			children = (
				5C34BAA42D943AF100CF8128 /* Utils.swift */,
				5CDFE3172CA3D66000AE6C95 /* Constants.swift */,
				5C50D2812BBFB33200DF31AA /* StringExtension.swift */,
				5CC9F0992BC5445C00AF9B81 /* Messager.swift */,
				5C4288652BDA5536000C0828 /* AppLogger.swift */,
				5C68BFE02C6651B80011C096 /* Extension+.swift */,
				5CFA85732D1477AD0063A6A1 /* LaunchAtLogin.swift */,
			);
			path = Shared;
			sourceTree = "<group>";
		};
		5C50D28B2BBFCFC400DF31AA /* Frameworks */ = {
			isa = PBXGroup;
			children = (
			);
			name = Frameworks;
			sourceTree = "<group>";
		};
		5C50D2932BBFD17C00DF31AA /* Model */ = {
			isa = PBXGroup;
			children = (
				5C945D012CA50AAC00DABD2C /* RCBase.swift */,
			);
			path = Model;
			sourceTree = "<group>";
		};
		5C945D042CA51B7A00DABD2C /* Main */ = {
			isa = PBXGroup;
			children = (
			);
			path = Main;
			sourceTree = "<group>";
		};
		5CDFE3142CA3D5FB00AE6C95 /* Settings */ = {
			isa = PBXGroup;
			children = (
				5C74BA702D977DCD005673DB /* CommonDirsSettingTabView.swift */,
				5CDFE3152CA3D63B00AE6C95 /* SettingsWindow.swift */,
				5C119D192BBE9D5700B2D7C4 /* SettingsView.swift */,
				5C158AA82BC64654006EC625 /* GeneralSettingsTabView.swift */,
				5CC9F09C2BC567F000AF9B81 /* ActionSettingsTabView.swift */,
				5C50D2592BBED0FE00DF31AA /* AboutSettingsTabView.swift */,
				5CB470D42CEB7A75009BC725 /* AppsSettingsTabView.swift */,
				5CB470D22CEB7A3B009BC725 /* NewFileSettingsTabView.swift */,
			);
			path = Settings;
			sourceTree = "<group>";
		};
/* End PBXGroup section */

/* Begin PBXNativeTarget section */
		5C119D022BBE9B9900B2D7C4 /* RClick */ = {
			isa = PBXNativeTarget;
			buildConfigurationList = 5C119D142BBE9B9B00B2D7C4 /* Build configuration list for PBXNativeTarget "RClick" */;
			buildPhases = (
				5C119CFF2BBE9B9900B2D7C4 /* Sources */,
				5C119D002BBE9B9900B2D7C4 /* Frameworks */,
				5C119D012BBE9B9900B2D7C4 /* Resources */,
				5CAF67A22CA68C8900B0AFD2 /* Embed Foundation Extensions */,
			);
			buildRules = (
			);
			dependencies = (
				5CAF67A12CA68C8900B0AFD2 /* PBXTargetDependency */,
			);
			name = RClick;
			packageProductDependencies = (
				5C28E72D2D1900CB00A9F4C1 /* ZIPFoundation */,
				5C28E7362D190F6300A9F4C1 /* OrderedCollections */,
			);
			productName = RClick;
			productReference = 5C119D032BBE9B9900B2D7C4 /* RClick.app */;
			productType = "com.apple.product-type.application";
		};
		5C119D2F2BBEA9AC00B2D7C4 /* FinderSyncExt */ = {
			isa = PBXNativeTarget;
			buildConfigurationList = 5C119D3B2BBEA9AC00B2D7C4 /* Build configuration list for PBXNativeTarget "FinderSyncExt" */;
			buildPhases = (
				5C119D2C2BBEA9AC00B2D7C4 /* Sources */,
				5C119D2D2BBEA9AC00B2D7C4 /* Frameworks */,
				5C119D2E2BBEA9AC00B2D7C4 /* Resources */,
			);
			buildRules = (
			);
			dependencies = (
			);
			name = FinderSyncExt;
			packageProductDependencies = (
				5C28E72F2D19018D00A9F4C1 /* ZIPFoundation */,
				5C28E7342D190F5800A9F4C1 /* OrderedCollections */,
			);
			productName = FinderSyncExt;
			productReference = 5C119D302BBEA9AC00B2D7C4 /* FinderSyncExt.appex */;
			productType = "com.apple.product-type.app-extension";
		};
/* End PBXNativeTarget section */

/* Begin PBXProject section */
		5C119CFB2BBE9B9900B2D7C4 /* Project object */ = {
			isa = PBXProject;
			attributes = {
				BuildIndependentTargetsInParallel = 1;
				LastSwiftUpdateCheck = 1520;
				LastUpgradeCheck = 1630;
				TargetAttributes = {
					5C119D022BBE9B9900B2D7C4 = {
						CreatedOnToolsVersion = 15.2;
					};
					5C119D2F2BBEA9AC00B2D7C4 = {
						CreatedOnToolsVersion = 15.2;
					};
				};
			};
			buildConfigurationList = 5C119CFE2BBE9B9900B2D7C4 /* Build configuration list for PBXProject "RClick" */;
			compatibilityVersion = "Xcode 14.0";
			developmentRegion = en;
			hasScannedForEncodings = 0;
			knownRegions = (
				en,
				"zh-Hans",
				Base,
			);
			mainGroup = 5C119CFA2BBE9B9900B2D7C4;
			packageReferences = (
				5C28E72C2D1900CB00A9F4C1 /* XCRemoteSwiftPackageReference "ZIPFoundation" */,
				5C28E7312D190EDB00A9F4C1 /* XCLocalSwiftPackageReference "../../repos/swift-collections" */,
			);
			productRefGroup = 5C119D042BBE9B9900B2D7C4 /* Products */;
			projectDirPath = "";
			projectRoot = "";
			targets = (
				5C119D022BBE9B9900B2D7C4 /* RClick */,
				5C119D2F2BBEA9AC00B2D7C4 /* FinderSyncExt */,
			);
		};
/* End PBXProject section */

/* Begin PBXResourcesBuildPhase section */
		5C119D012BBE9B9900B2D7C4 /* Resources */ = {
			isa = PBXResourcesBuildPhase;
			buildActionMask = 2147483647;
			files = (
				5C119D102BBE9B9B00B2D7C4 /* Preview Assets.xcassets in Resources */,
				5C119D0D2BBE9B9B00B2D7C4 /* Assets.xcassets in Resources */,
				5C2E56412DE2DE3400ED66C8 /* template.xlsx in Resources */,
				5C7C2DA02BDD3FE500ED84EF /* Localizable.xcstrings in Resources */,
			);
			runOnlyForDeploymentPostprocessing = 0;
		};
		5C119D2E2BBEA9AC00B2D7C4 /* Resources */ = {
			isa = PBXResourcesBuildPhase;
			buildActionMask = 2147483647;
			files = (
				5C68BFE62C67707D0011C096 /* Assets.xcassets in Resources */,
				5C7C2DA12BDD3FE500ED84EF /* Localizable.xcstrings in Resources */,
			);
			runOnlyForDeploymentPostprocessing = 0;
		};
/* End PBXResourcesBuildPhase section */

/* Begin PBXSourcesBuildPhase section */
		5C119CFF2BBE9B9900B2D7C4 /* Sources */ = {
			isa = PBXSourcesBuildPhase;
			buildActionMask = 2147483647;
			files = (
				5C74BA712D977DCD005673DB /* CommonDirsSettingTabView.swift in Sources */,
				5C945D062CA51B8F00DABD2C /* AppState.swift in Sources */,
				5CC9F09D2BC567F000AF9B81 /* ActionSettingsTabView.swift in Sources */,
				5C50D25A2BBED0FE00DF31AA /* AboutSettingsTabView.swift in Sources */,
				5CDFE3162CA3D65000AE6C95 /* SettingsWindow.swift in Sources */,
				5CB470D32CEB7A3B009BC725 /* NewFileSettingsTabView.swift in Sources */,
				5C945D032CA50AC000DABD2C /* RCBase.swift in Sources */,
				5CFA85742D1477AD0063A6A1 /* LaunchAtLogin.swift in Sources */,
				5C119D1A2BBE9D5700B2D7C4 /* SettingsView.swift in Sources */,
				5C119D182BBE9C8F00B2D7C4 /* MenuBarView.swift in Sources */,
				5CC9F09A2BC5445C00AF9B81 /* Messager.swift in Sources */,
				5C4288662BDA5536000C0828 /* AppLogger.swift in Sources */,
				5C50D2822BBFB33200DF31AA /* StringExtension.swift in Sources */,
				5CB470D52CEB7A75009BC725 /* AppsSettingsTabView.swift in Sources */,
				5C158AA92BC64654006EC625 /* GeneralSettingsTabView.swift in Sources */,
				5C68BFE12C6651B80011C096 /* Extension+.swift in Sources */,
				5C119D072BBE9B9900B2D7C4 /* RClickApp.swift in Sources */,
				5C34BAA52D943AF100CF8128 /* Utils.swift in Sources */,
				5CDFE3192CA3D66B00AE6C95 /* Constants.swift in Sources */,
			);
			runOnlyForDeploymentPostprocessing = 0;
		};
		5C119D2C2BBEA9AC00B2D7C4 /* Sources */ = {
			isa = PBXSourcesBuildPhase;
			buildActionMask = 2147483647;
			files = (
				5C119D332BBEA9AC00B2D7C4 /* FinderSyncExt.swift in Sources */,
				5C945D022CA50AC000DABD2C /* RCBase.swift in Sources */,
				5CDFE3182CA3D66B00AE6C95 /* Constants.swift in Sources */,
				5C50D2922BBFD11100DF31AA /* StringExtension.swift in Sources */,
				5C043AC32BEB7C1200C837D1 /* AppLogger.swift in Sources */,
				5C34BAA62D943AF100CF8128 /* Utils.swift in Sources */,
				5CC9F09B2BC5464400AF9B81 /* Messager.swift in Sources */,
				5C68BFE22C6651B80011C096 /* Extension+.swift in Sources */,
				5C945D072CA51B8F00DABD2C /* AppState.swift in Sources */,
			);
			runOnlyForDeploymentPostprocessing = 0;
		};
/* End PBXSourcesBuildPhase section */

/* Begin PBXTargetDependency section */
		5CAF67A12CA68C8900B0AFD2 /* PBXTargetDependency */ = {
			isa = PBXTargetDependency;
			target = 5C119D2F2BBEA9AC00B2D7C4 /* FinderSyncExt */;
			targetProxy = 5CAF67A02CA68C8900B0AFD2 /* PBXContainerItemProxy */;
		};
/* End PBXTargetDependency section */

/* Begin XCBuildConfiguration section */
		5C119D122BBE9B9B00B2D7C4 /* Debug */ = {
			isa = XCBuildConfiguration;
			buildSettings = {
				ALWAYS_SEARCH_USER_PATHS = NO;
				ASSETCATALOG_COMPILER_GENERATE_SWIFT_ASSET_SYMBOL_EXTENSIONS = YES;
				CLANG_ANALYZER_LOCALIZABILITY_NONLOCALIZED = YES;
				CLANG_ANALYZER_NONNULL = YES;
				CLANG_ANALYZER_NUMBER_OBJECT_CONVERSION = YES_AGGRESSIVE;
				CLANG_CXX_LANGUAGE_STANDARD = "gnu++20";
				CLANG_ENABLE_MODULES = YES;
				CLANG_ENABLE_OBJC_ARC = YES;
				CLANG_ENABLE_OBJC_WEAK = YES;
				CLANG_WARN_BLOCK_CAPTURE_AUTORELEASING = YES;
				CLANG_WARN_BOOL_CONVERSION = YES;
				CLANG_WARN_COMMA = YES;
				CLANG_WARN_CONSTANT_CONVERSION = YES;
				CLANG_WARN_DEPRECATED_OBJC_IMPLEMENTATIONS = YES;
				CLANG_WARN_DIRECT_OBJC_ISA_USAGE = YES_ERROR;
				CLANG_WARN_DOCUMENTATION_COMMENTS = YES;
				CLANG_WARN_EMPTY_BODY = YES;
				CLANG_WARN_ENUM_CONVERSION = YES;
				CLANG_WARN_INFINITE_RECURSION = YES;
				CLANG_WARN_INT_CONVERSION = YES;
				CLANG_WARN_NON_LITERAL_NULL_CONVERSION = YES;
				CLANG_WARN_OBJC_IMPLICIT_RETAIN_SELF = YES;
				CLANG_WARN_OBJC_LITERAL_CONVERSION = YES;
				CLANG_WARN_OBJC_ROOT_CLASS = YES_ERROR;
				CLANG_WARN_QUOTED_INCLUDE_IN_FRAMEWORK_HEADER = YES;
				CLANG_WARN_RANGE_LOOP_ANALYSIS = YES;
				CLANG_WARN_STRICT_PROTOTYPES = YES;
				CLANG_WARN_SUSPICIOUS_MOVE = YES;
				CLANG_WARN_UNGUARDED_AVAILABILITY = YES_AGGRESSIVE;
				CLANG_WARN_UNREACHABLE_CODE = YES;
				CLANG_WARN__DUPLICATE_METHOD_MATCH = YES;
				COPY_PHASE_STRIP = NO;
				DEAD_CODE_STRIPPING = YES;
				DEBUG_INFORMATION_FORMAT = dwarf;
				ENABLE_STRICT_OBJC_MSGSEND = YES;
				ENABLE_TESTABILITY = YES;
				ENABLE_USER_SCRIPT_SANDBOXING = YES;
				GCC_C_LANGUAGE_STANDARD = gnu17;
				GCC_DYNAMIC_NO_PIC = NO;
				GCC_NO_COMMON_BLOCKS = YES;
				GCC_OPTIMIZATION_LEVEL = 0;
				GCC_PREPROCESSOR_DEFINITIONS = (
					"DEBUG=1",
					"$(inherited)",
				);
				GCC_WARN_64_TO_32_BIT_CONVERSION = YES;
				GCC_WARN_ABOUT_RETURN_TYPE = YES_ERROR;
				GCC_WARN_UNDECLARED_SELECTOR = YES;
				GCC_WARN_UNINITIALIZED_AUTOS = YES_AGGRESSIVE;
				GCC_WARN_UNUSED_FUNCTION = YES;
				GCC_WARN_UNUSED_VARIABLE = YES;
				LOCALIZATION_PREFERS_STRING_CATALOGS = YES;
				MACOSX_DEPLOYMENT_TARGET = 15.0;
				MTL_ENABLE_DEBUG_INFO = INCLUDE_SOURCE;
				MTL_FAST_MATH = YES;
				ONLY_ACTIVE_ARCH = YES;
				SDKROOT = macosx;
				SWIFT_ACTIVE_COMPILATION_CONDITIONS = "DEBUG $(inherited)";
				SWIFT_OPTIMIZATION_LEVEL = "-Onone";
			};
			name = Debug;
		};
		5C119D132BBE9B9B00B2D7C4 /* Release */ = {
			isa = XCBuildConfiguration;
			buildSettings = {
				ALWAYS_SEARCH_USER_PATHS = NO;
				ASSETCATALOG_COMPILER_GENERATE_SWIFT_ASSET_SYMBOL_EXTENSIONS = YES;
				CLANG_ANALYZER_LOCALIZABILITY_NONLOCALIZED = YES;
				CLANG_ANALYZER_NONNULL = YES;
				CLANG_ANALYZER_NUMBER_OBJECT_CONVERSION = YES_AGGRESSIVE;
				CLANG_CXX_LANGUAGE_STANDARD = "gnu++20";
				CLANG_ENABLE_MODULES = YES;
				CLANG_ENABLE_OBJC_ARC = YES;
				CLANG_ENABLE_OBJC_WEAK = YES;
				CLANG_WARN_BLOCK_CAPTURE_AUTORELEASING = YES;
				CLANG_WARN_BOOL_CONVERSION = YES;
				CLANG_WARN_COMMA = YES;
				CLANG_WARN_CONSTANT_CONVERSION = YES;
				CLANG_WARN_DEPRECATED_OBJC_IMPLEMENTATIONS = YES;
				CLANG_WARN_DIRECT_OBJC_ISA_USAGE = YES_ERROR;
				CLANG_WARN_DOCUMENTATION_COMMENTS = YES;
				CLANG_WARN_EMPTY_BODY = YES;
				CLANG_WARN_ENUM_CONVERSION = YES;
				CLANG_WARN_INFINITE_RECURSION = YES;
				CLANG_WARN_INT_CONVERSION = YES;
				CLANG_WARN_NON_LITERAL_NULL_CONVERSION = YES;
				CLANG_WARN_OBJC_IMPLICIT_RETAIN_SELF = YES;
				CLANG_WARN_OBJC_LITERAL_CONVERSION = YES;
				CLANG_WARN_OBJC_ROOT_CLASS = YES_ERROR;
				CLANG_WARN_QUOTED_INCLUDE_IN_FRAMEWORK_HEADER = YES;
				CLANG_WARN_RANGE_LOOP_ANALYSIS = YES;
				CLANG_WARN_STRICT_PROTOTYPES = YES;
				CLANG_WARN_SUSPICIOUS_MOVE = YES;
				CLANG_WARN_UNGUARDED_AVAILABILITY = YES_AGGRESSIVE;
				CLANG_WARN_UNREACHABLE_CODE = YES;
				CLANG_WARN__DUPLICATE_METHOD_MATCH = YES;
				CODE_SIGN_IDENTITY = "3rd Party Mac Developer Application";
				"CODE_SIGN_IDENTITY[sdk=macosx*]" = "3rd Party Mac Developer Application";
				COPY_PHASE_STRIP = NO;
				DEAD_CODE_STRIPPING = YES;
				DEBUG_INFORMATION_FORMAT = "dwarf-with-dsym";
				ENABLE_NS_ASSERTIONS = NO;
				ENABLE_STRICT_OBJC_MSGSEND = YES;
				ENABLE_TESTABILITY = NO;
				ENABLE_USER_SCRIPT_SANDBOXING = YES;
				GCC_C_LANGUAGE_STANDARD = gnu17;
				GCC_NO_COMMON_BLOCKS = YES;
				GCC_WARN_64_TO_32_BIT_CONVERSION = YES;
				GCC_WARN_ABOUT_RETURN_TYPE = YES_ERROR;
				GCC_WARN_UNDECLARED_SELECTOR = YES;
				GCC_WARN_UNINITIALIZED_AUTOS = YES_AGGRESSIVE;
				GCC_WARN_UNUSED_FUNCTION = YES;
				GCC_WARN_UNUSED_VARIABLE = YES;
				LOCALIZATION_PREFERS_STRING_CATALOGS = YES;
				MACOSX_DEPLOYMENT_TARGET = 15.0;
				MTL_ENABLE_DEBUG_INFO = NO;
				MTL_FAST_MATH = YES;
				SDKROOT = macosx;
				SWIFT_COMPILATION_MODE = wholemodule;
			};
			name = Release;
		};
		5C119D152BBE9B9B00B2D7C4 /* Debug */ = {
			isa = XCBuildConfiguration;
			buildSettings = {
				ASSETCATALOG_COMPILER_APPICON_NAME = AppIcon;
				ASSETCATALOG_COMPILER_GLOBAL_ACCENT_COLOR_NAME = AccentColor;
				ASSETCATALOG_COMPILER_INCLUDE_ALL_APPICON_ASSETS = YES;
				CODE_SIGN_ENTITLEMENTS = RClick/RClick.entitlements;
				CODE_SIGN_IDENTITY = "Apple Development";
				"CODE_SIGN_IDENTITY[sdk=macosx*]" = "Developer ID Application";
				CODE_SIGN_STYLE = Manual;
				COMBINE_HIDPI_IMAGES = YES;
				CURRENT_PROJECT_VERSION = 20250620001;
				DEAD_CODE_STRIPPING = YES;
				DEVELOPMENT_ASSET_PATHS = "\"RClick/Preview Content\"";
				DEVELOPMENT_TEAM = "";
				"DEVELOPMENT_TEAM[sdk=macosx*]" = 4L3563XCBN;
				ENABLE_HARDENED_RUNTIME = YES;
				ENABLE_PREVIEWS = YES;
				GENERATE_INFOPLIST_FILE = YES;
				INFOPLIST_FILE = RClick/Info.plist;
				INFOPLIST_KEY_CFBundleDisplayName = RClick;
				INFOPLIST_KEY_ITSAppUsesNonExemptEncryption = NO;
				INFOPLIST_KEY_LSApplicationCategoryType = "public.app-category.utilities";
				INFOPLIST_KEY_LSUIElement = YES;
				INFOPLIST_KEY_NSHumanReadableCopyright = "Copyright ©️ 2024 Li Xu. All rights reserved";
				LD_RUNPATH_SEARCH_PATHS = (
					"$(inherited)",
					"@executable_path/../Frameworks",
				);
				MACOSX_DEPLOYMENT_TARGET = 15.0;
				MARKETING_VERSION = 1.6.6;
				PRODUCT_BUNDLE_IDENTIFIER = cn.wflixu.RClick;
				PRODUCT_NAME = "$(TARGET_NAME)";
				PROVISIONING_PROFILE_SPECIFIER = "";
				"PROVISIONING_PROFILE_SPECIFIER[sdk=macosx*]" = devid_rclick;
				REGISTER_APP_GROUPS = YES;
				SWIFT_EMIT_LOC_STRINGS = YES;
				SWIFT_VERSION = 5.0;
			};
			name = Debug;
		};
		5C119D162BBE9B9B00B2D7C4 /* Release */ = {
			isa = XCBuildConfiguration;
			buildSettings = {
				ASSETCATALOG_COMPILER_APPICON_NAME = AppIcon;
				ASSETCATALOG_COMPILER_GLOBAL_ACCENT_COLOR_NAME = AccentColor;
				ASSETCATALOG_COMPILER_INCLUDE_ALL_APPICON_ASSETS = YES;
				CODE_SIGN_ENTITLEMENTS = RClick/RClick.entitlements;
				CODE_SIGN_IDENTITY = "Apple Development";
				"CODE_SIGN_IDENTITY[sdk=macosx*]" = "Developer ID Application";
				CODE_SIGN_STYLE = Manual;
				COMBINE_HIDPI_IMAGES = YES;
				CURRENT_PROJECT_VERSION = 20250620001;
				DEAD_CODE_STRIPPING = YES;
				DEVELOPMENT_ASSET_PATHS = "\"RClick/Preview Content\"";
				DEVELOPMENT_TEAM = "";
				"DEVELOPMENT_TEAM[sdk=macosx*]" = 4L3563XCBN;
				ENABLE_HARDENED_RUNTIME = YES;
				ENABLE_PREVIEWS = YES;
				GENERATE_INFOPLIST_FILE = YES;
				INFOPLIST_FILE = RClick/Info.plist;
				INFOPLIST_KEY_CFBundleDisplayName = RClick;
				INFOPLIST_KEY_ITSAppUsesNonExemptEncryption = NO;
				INFOPLIST_KEY_LSApplicationCategoryType = "public.app-category.utilities";
				INFOPLIST_KEY_LSUIElement = YES;
				INFOPLIST_KEY_NSHumanReadableCopyright = "Copyright ©️ 2024 Li Xu. All rights reserved";
				LD_RUNPATH_SEARCH_PATHS = (
					"$(inherited)",
					"@executable_path/../Frameworks",
				);
				MACOSX_DEPLOYMENT_TARGET = 15.0;
				MARKETING_VERSION = 1.6.6;
				PRODUCT_BUNDLE_IDENTIFIER = cn.wflixu.RClick;
				PRODUCT_NAME = "$(TARGET_NAME)";
				PROVISIONING_PROFILE_SPECIFIER = "";
				"PROVISIONING_PROFILE_SPECIFIER[sdk=macosx*]" = devid_rclick;
				REGISTER_APP_GROUPS = YES;
				SWIFT_EMIT_LOC_STRINGS = YES;
				SWIFT_VERSION = 5.0;
			};
			name = Release;
		};
		5C119D392BBEA9AC00B2D7C4 /* Debug */ = {
			isa = XCBuildConfiguration;
			buildSettings = {
				CODE_SIGN_ENTITLEMENTS = FinderSyncExt/FinderSyncExt.entitlements;
				"CODE_SIGN_IDENTITY[sdk=macosx*]" = "Developer ID Application";
				CODE_SIGN_STYLE = Manual;
				COMBINE_HIDPI_IMAGES = YES;
				CURRENT_PROJECT_VERSION = 20250620001;
				DEAD_CODE_STRIPPING = YES;
				DEVELOPMENT_TEAM = "";
				"DEVELOPMENT_TEAM[sdk=macosx*]" = 4L3563XCBN;
				ENABLE_HARDENED_RUNTIME = YES;
				GENERATE_INFOPLIST_FILE = YES;
				INFOPLIST_FILE = FinderSyncExt/Info.plist;
				INFOPLIST_KEY_CFBundleDisplayName = FinderSyncExt;
				INFOPLIST_KEY_LSUIElement = YES;
				INFOPLIST_KEY_NSHumanReadableCopyright = "Copyright ©️ 2024 Li Xu. All rights reserved";
				LD_RUNPATH_SEARCH_PATHS = (
					"$(inherited)",
					"@executable_path/../Frameworks",
					"@executable_path/../../../../Frameworks",
				);
				MACOSX_DEPLOYMENT_TARGET = 15.0;
				MARKETING_VERSION = 1.6.6;
				PRODUCT_BUNDLE_IDENTIFIER = cn.wflixu.RClick.FinderSyncExt;
				PRODUCT_NAME = "$(TARGET_NAME)";
				PROVISIONING_PROFILE_SPECIFIER = "";
				"PROVISIONING_PROFILE_SPECIFIER[sdk=macosx*]" = devid_rclick_finderext;
				REGISTER_APP_GROUPS = YES;
				SKIP_INSTALL = YES;
				SWIFT_EMIT_LOC_STRINGS = YES;
				SWIFT_VERSION = 5.0;
			};
			name = Debug;
		};
		5C119D3A2BBEA9AC00B2D7C4 /* Release */ = {
			isa = XCBuildConfiguration;
			buildSettings = {
				CODE_SIGN_ENTITLEMENTS = FinderSyncExt/FinderSyncExt.entitlements;
				CODE_SIGN_IDENTITY = "Apple Development";
				"CODE_SIGN_IDENTITY[sdk=macosx*]" = "Developer ID Application";
				CODE_SIGN_STYLE = Manual;
				COMBINE_HIDPI_IMAGES = YES;
				CURRENT_PROJECT_VERSION = 20250620001;
				DEAD_CODE_STRIPPING = YES;
				DEVELOPMENT_TEAM = "";
				"DEVELOPMENT_TEAM[sdk=macosx*]" = 4L3563XCBN;
				ENABLE_HARDENED_RUNTIME = YES;
				GENERATE_INFOPLIST_FILE = YES;
				INFOPLIST_FILE = FinderSyncExt/Info.plist;
				INFOPLIST_KEY_CFBundleDisplayName = FinderSyncExt;
				INFOPLIST_KEY_LSUIElement = YES;
				INFOPLIST_KEY_NSHumanReadableCopyright = "Copyright ©️ 2024 Li Xu. All rights reserved";
				LD_RUNPATH_SEARCH_PATHS = (
					"$(inherited)",
					"@executable_path/../Frameworks",
					"@executable_path/../../../../Frameworks",
				);
				MACOSX_DEPLOYMENT_TARGET = 15.0;
				MARKETING_VERSION = 1.6.6;
				PRODUCT_BUNDLE_IDENTIFIER = cn.wflixu.RClick.FinderSyncExt;
				PRODUCT_NAME = "$(TARGET_NAME)";
				PROVISIONING_PROFILE_SPECIFIER = "";
				"PROVISIONING_PROFILE_SPECIFIER[sdk=macosx*]" = devid_rclick_finderext;
				REGISTER_APP_GROUPS = YES;
				SKIP_INSTALL = YES;
				SWIFT_EMIT_LOC_STRINGS = YES;
				SWIFT_VERSION = 5.0;
			};
			name = Release;
		};
/* End XCBuildConfiguration section */

/* Begin XCConfigurationList section */
		5C119CFE2BBE9B9900B2D7C4 /* Build configuration list for PBXProject "RClick" */ = {
			isa = XCConfigurationList;
			buildConfigurations = (
				5C119D122BBE9B9B00B2D7C4 /* Debug */,
				5C119D132BBE9B9B00B2D7C4 /* Release */,
			);
			defaultConfigurationIsVisible = 0;
			defaultConfigurationName = Release;
		};
		5C119D142BBE9B9B00B2D7C4 /* Build configuration list for PBXNativeTarget "RClick" */ = {
			isa = XCConfigurationList;
			buildConfigurations = (
				5C119D152BBE9B9B00B2D7C4 /* Debug */,
				5C119D162BBE9B9B00B2D7C4 /* Release */,
			);
			defaultConfigurationIsVisible = 0;
			defaultConfigurationName = Release;
		};
		5C119D3B2BBEA9AC00B2D7C4 /* Build configuration list for PBXNativeTarget "FinderSyncExt" */ = {
			isa = XCConfigurationList;
			buildConfigurations = (
				5C119D392BBEA9AC00B2D7C4 /* Debug */,
				5C119D3A2BBEA9AC00B2D7C4 /* Release */,
			);
			defaultConfigurationIsVisible = 0;
			defaultConfigurationName = Release;
		};
/* End XCConfigurationList section */

/* Begin XCLocalSwiftPackageReference section */
		5C28E7312D190EDB00A9F4C1 /* XCLocalSwiftPackageReference "../../repos/swift-collections" */ = {
			isa = XCLocalSwiftPackageReference;
			relativePath = "../../repos/swift-collections";
		};
/* End XCLocalSwiftPackageReference section */

/* Begin XCRemoteSwiftPackageReference section */
		5C28E72C2D1900CB00A9F4C1 /* XCRemoteSwiftPackageReference "ZIPFoundation" */ = {
			isa = XCRemoteSwiftPackageReference;
			repositoryURL = "https://github.com/weichsel/ZIPFoundation.git";
			requirement = {
				kind = upToNextMajorVersion;
				minimumVersion = 0.9.19;
			};
		};
/* End XCRemoteSwiftPackageReference section */

/* Begin XCSwiftPackageProductDependency section */
		5C28E72D2D1900CB00A9F4C1 /* ZIPFoundation */ = {
			isa = XCSwiftPackageProductDependency;
			package = 5C28E72C2D1900CB00A9F4C1 /* XCRemoteSwiftPackageReference "ZIPFoundation" */;
			productName = ZIPFoundation;
		};
		5C28E72F2D19018D00A9F4C1 /* ZIPFoundation */ = {
			isa = XCSwiftPackageProductDependency;
			package = 5C28E72C2D1900CB00A9F4C1 /* XCRemoteSwiftPackageReference "ZIPFoundation" */;
			productName = ZIPFoundation;
		};
		5C28E7342D190F5800A9F4C1 /* OrderedCollections */ = {
			isa = XCSwiftPackageProductDependency;
			package = 5C28E7312D190EDB00A9F4C1 /* XCLocalSwiftPackageReference "../../repos/swift-collections" */;
			productName = OrderedCollections;
		};
		5C28E7362D190F6300A9F4C1 /* OrderedCollections */ = {
			isa = XCSwiftPackageProductDependency;
			package = 5C28E7312D190EDB00A9F4C1 /* XCLocalSwiftPackageReference "../../repos/swift-collections" */;
			productName = OrderedCollections;
		};
/* End XCSwiftPackageProductDependency section */
	};
	rootObject = 5C119CFB2BBE9B9900B2D7C4 /* Project object */;
}
