// !$*UTF8*$!
{
	archiveVersion = 1;
	classes = {
	};
	objectVersion = 100;
	objects = {

/* Begin PBXBuildFile section */
		5C8A291F2F83D74A00FE687C /* FinderSyncExt.appex in Embed Foundation Extensions */ = {isa = PBXBuildFile; fileRef = 5C8A29182F83D74A00FE687C /* FinderSyncExt.appex */; settings = {ATTRIBUTES = (RemoveHeadersOnCopy, ); }; };
		5C969FB42F8A494600D022F8 /* README.md in Resources */ = {isa = PBXBuildFile; fileRef = 5C969FB32F8A494600D022F8 /* README.md */; };
		5C969FB52F8A494600D022F8 /* CLAUDE.md in Resources */ = {isa = PBXBuildFile; fileRef = 5C969FB12F8A494600D022F8 /* CLAUDE.md */; };
		5C969FB62F8A494600D022F8 /* LICENSE in Resources */ = {isa = PBXBuildFile; fileRef = 5C969FB22F8A494600D022F8 /* LICENSE */; };
		5C969FB72F8A494600D022F8 /* README.md in Resources */ = {isa = PBXBuildFile; fileRef = 5C969FB32F8A494600D022F8 /* README.md */; };
		5C969FB82F8A494600D022F8 /* CLAUDE.md in Resources */ = {isa = PBXBuildFile; fileRef = 5C969FB12F8A494600D022F8 /* CLAUDE.md */; };
		5C969FB92F8A494600D022F8 /* LICENSE in Resources */ = {isa = PBXBuildFile; fileRef = 5C969FB22F8A494600D022F8 /* LICENSE */; };
		5C969FBA2F8A494600D022F8 /* README.md in Resources */ = {isa = PBXBuildFile; fileRef = 5C969FB32F8A494600D022F8 /* README.md */; };
		5C969FBB2F8A494600D022F8 /* CLAUDE.md in Resources */ = {isa = PBXBuildFile; fileRef = 5C969FB12F8A494600D022F8 /* CLAUDE.md */; };
		5C969FBC2F8A494600D022F8 /* LICENSE in Resources */ = {isa = PBXBuildFile; fileRef = 5C969FB22F8A494600D022F8 /* LICENSE */; };
		5C969FBD2F8A494600D022F8 /* README.md in Resources */ = {isa = PBXBuildFile; fileRef = 5C969FB32F8A494600D022F8 /* README.md */; };
		5C969FBE2F8A494600D022F8 /* CLAUDE.md in Resources */ = {isa = PBXBuildFile; fileRef = 5C969FB12F8A494600D022F8 /* CLAUDE.md */; };
		5C969FBF2F8A494600D022F8 /* LICENSE in Resources */ = {isa = PBXBuildFile; fileRef = 5C969FB22F8A494600D022F8 /* LICENSE */; };
		5C969FCF2F8A496000D022F8 /* 架构重构设计及计划.md in Resources */ = {isa = PBXBuildFile; fileRef = 5C969FCA2F8A496000D022F8 /* 架构重构设计及计划.md */; };
		5C969FD02F8A496000D022F8 /* 重构计划.md in Resources */ = {isa = PBXBuildFile; fileRef = 5C969FCC2F8A496000D022F8 /* 重构计划.md */; };
		5C969FD12F8A496000D022F8 /* 重构设计.md in Resources */ = {isa = PBXBuildFile; fileRef = 5C969FCD2F8A496000D022F8 /* 重构设计.md */; };
		5C969FD22F8A496000D022F8 /* communication-protocol.md in Resources */ = {isa = PBXBuildFile; fileRef = 5C969FC52F8A496000D022F8 /* communication-protocol.md */; };
		5C969FD32F8A496000D022F8 /* data-models.md in Resources */ = {isa = PBXBuildFile; fileRef = 5C969FC62F8A496000D022F8 /* data-models.md */; };
		5C969FD42F8A496000D022F8 /* extension-reconnect.md in Resources */ = {isa = PBXBuildFile; fileRef = 5C969FC72F8A496000D022F8 /* extension-reconnect.md */; };
		5C969FD52F8A496000D022F8 /* git-branch-strategy.md in Resources */ = {isa = PBXBuildFile; fileRef = 5C969FC82F8A496000D022F8 /* git-branch-strategy.md */; };
		5C969FD62F8A496000D022F8 /* 设置界面重构设计.md in Resources */ = {isa = PBXBuildFile; fileRef = 5C969FCB2F8A496000D022F8 /* 设置界面重构设计.md */; };
		5C969FD72F8A496000D022F8 /* 架构重构设计及计划.md in Resources */ = {isa = PBXBuildFile; fileRef = 5C969FCA2F8A496000D022F8 /* 架构重构设计及计划.md */; };
		5C969FD82F8A496000D022F8 /* 重构计划.md in Resources */ = {isa = PBXBuildFile; fileRef = 5C969FCC2F8A496000D022F8 /* 重构计划.md */; };
		5C969FD92F8A496000D022F8 /* 重构设计.md in Resources */ = {isa = PBXBuildFile; fileRef = 5C969FCD2F8A496000D022F8 /* 重构设计.md */; };
		5C969FDA2F8A496000D022F8 /* communication-protocol.md in Resources */ = {isa = PBXBuildFile; fileRef = 5C969FC52F8A496000D022F8 /* communication-protocol.md */; };
		5C969FDB2F8A496000D022F8 /* data-models.md in Resources */ = {isa = PBXBuildFile; fileRef = 5C969FC62F8A496000D022F8 /* data-models.md */; };
		5C969FDC2F8A496000D022F8 /* extension-reconnect.md in Resources */ = {isa = PBXBuildFile; fileRef = 5C969FC72F8A496000D022F8 /* extension-reconnect.md */; };
		5C969FDD2F8A496000D022F8 /* git-branch-strategy.md in Resources */ = {isa = PBXBuildFile; fileRef = 5C969FC82F8A496000D022F8 /* git-branch-strategy.md */; };
		5C969FDE2F8A496000D022F8 /* 设置界面重构设计.md in Resources */ = {isa = PBXBuildFile; fileRef = 5C969FCB2F8A496000D022F8 /* 设置界面重构设计.md */; };
		5C969FDF2F8A496000D022F8 /* 架构重构设计及计划.md in Resources */ = {isa = PBXBuildFile; fileRef = 5C969FCA2F8A496000D022F8 /* 架构重构设计及计划.md */; };
		5C969FE02F8A496000D022F8 /* 重构计划.md in Resources */ = {isa = PBXBuildFile; fileRef = 5C969FCC2F8A496000D022F8 /* 重构计划.md */; };
		5C969FE12F8A496000D022F8 /* 重构设计.md in Resources */ = {isa = PBXBuildFile; fileRef = 5C969FCD2F8A496000D022F8 /* 重构设计.md */; };
		5C969FE22F8A496000D022F8 /* communication-protocol.md in Resources */ = {isa = PBXBuildFile; fileRef = 5C969FC52F8A496000D022F8 /* communication-protocol.md */; };
		5C969FE32F8A496000D022F8 /* data-models.md in Resources */ = {isa = PBXBuildFile; fileRef = 5C969FC62F8A496000D022F8 /* data-models.md */; };
		5C969FE42F8A496000D022F8 /* extension-reconnect.md in Resources */ = {isa = PBXBuildFile; fileRef = 5C969FC72F8A496000D022F8 /* extension-reconnect.md */; };
		5C969FE52F8A496000D022F8 /* git-branch-strategy.md in Resources */ = {isa = PBXBuildFile; fileRef = 5C969FC82F8A496000D022F8 /* git-branch-strategy.md */; };
		5C969FE62F8A496000D022F8 /* 设置界面重构设计.md in Resources */ = {isa = PBXBuildFile; fileRef = 5C969FCB2F8A496000D022F8 /* 设置界面重构设计.md */; };
		5C969FE72F8A496000D022F8 /* 架构重构设计及计划.md in Resources */ = {isa = PBXBuildFile; fileRef = 5C969FCA2F8A496000D022F8 /* 架构重构设计及计划.md */; };
		5C969FE82F8A496000D022F8 /* 重构计划.md in Resources */ = {isa = PBXBuildFile; fileRef = 5C969FCC2F8A496000D022F8 /* 重构计划.md */; };
		5C969FE92F8A496000D022F8 /* 重构设计.md in Resources */ = {isa = PBXBuildFile; fileRef = 5C969FCD2F8A496000D022F8 /* 重构设计.md */; };
		5C969FEA2F8A496000D022F8 /* communication-protocol.md in Resources */ = {isa = PBXBuildFile; fileRef = 5C969FC52F8A496000D022F8 /* communication-protocol.md */; };
		5C969FEB2F8A496000D022F8 /* data-models.md in Resources */ = {isa = PBXBuildFile; fileRef = 5C969FC62F8A496000D022F8 /* data-models.md */; };
		5C969FEC2F8A496000D022F8 /* extension-reconnect.md in Resources */ = {isa = PBXBuildFile; fileRef = 5C969FC72F8A496000D022F8 /* extension-reconnect.md */; };
		5C969FED2F8A496000D022F8 /* git-branch-strategy.md in Resources */ = {isa = PBXBuildFile; fileRef = 5C969FC82F8A496000D022F8 /* git-branch-strategy.md */; };
		5C969FEE2F8A496000D022F8 /* 设置界面重构设计.md in Resources */ = {isa = PBXBuildFile; fileRef = 5C969FCB2F8A496000D022F8 /* 设置界面重构设计.md */; };
/* End PBXBuildFile section */

/* Begin PBXContainerItemProxy section */
		5C8A28EA2F83D65B00FE687C /* PBXContainerItemProxy */ = {
			isa = PBXContainerItemProxy;
			containerPortal = 5C8A28D22F83D65900FE687C /* Project object */;
			proxyType = 1;
			remoteGlobalIDString = 5C8A28D92F83D65900FE687C;
			remoteInfo = RClick;
		};
		5C8A28F42F83D65B00FE687C /* PBXContainerItemProxy */ = {
			isa = PBXContainerItemProxy;
			containerPortal = 5C8A28D22F83D65900FE687C /* Project object */;
			proxyType = 1;
			remoteGlobalIDString = 5C8A28D92F83D65900FE687C;
			remoteInfo = RClick;
		};
		5C8A291D2F83D74A00FE687C /* PBXContainerItemProxy */ = {
			isa = PBXContainerItemProxy;
			containerPortal = 5C8A28D22F83D65900FE687C /* Project object */;
			proxyType = 1;
			remoteGlobalIDString = 5C8A29172F83D74A00FE687C;
			remoteInfo = FinderSyncExt;
		};
/* End PBXContainerItemProxy section */

/* Begin PBXCopyFilesBuildPhase section */
		5C8A29202F83D74A00FE687C /* Embed Foundation Extensions */ = {
			isa = PBXCopyFilesBuildPhase;
			dstPath = "";
			dstSubfolder = PlugIns;
			files = (
				5C8A291F2F83D74A00FE687C /* FinderSyncExt.appex in Embed Foundation Extensions */,
			);
			name = "Embed Foundation Extensions";
		};
/* End PBXCopyFilesBuildPhase section */

/* Begin PBXFileReference section */
		5C8A28DA2F83D65900FE687C /* RClick.app */ = {isa = PBXFileReference; explicitFileType = wrapper.application; includeInIndex = 0; path = RClick.app; sourceTree = BUILT_PRODUCTS_DIR; };
		5C8A28E92F83D65B00FE687C /* RClickTests.xctest */ = {isa = PBXFileReference; explicitFileType = wrapper.cfbundle; includeInIndex = 0; path = RClickTests.xctest; sourceTree = BUILT_PRODUCTS_DIR; };
		5C8A28F32F83D65B00FE687C /* RClickUITests.xctest */ = {isa = PBXFileReference; explicitFileType = wrapper.cfbundle; includeInIndex = 0; path = RClickUITests.xctest; sourceTree = BUILT_PRODUCTS_DIR; };
		5C8A29182F83D74A00FE687C /* FinderSyncExt.appex */ = {isa = PBXFileReference; explicitFileType = "wrapper.app-extension"; includeInIndex = 0; path = FinderSyncExt.appex; sourceTree = BUILT_PRODUCTS_DIR; };
		5C969FB12F8A494600D022F8 /* CLAUDE.md */ = {isa = PBXFileReference; lastKnownFileType = net.daringfireball.markdown; path = CLAUDE.md; sourceTree = "<group>"; };
		5C969FB22F8A494600D022F8 /* LICENSE */ = {isa = PBXFileReference; lastKnownFileType = text; path = LICENSE; sourceTree = "<group>"; };
		5C969FB32F8A494600D022F8 /* README.md */ = {isa = PBXFileReference; lastKnownFileType = net.daringfireball.markdown; path = README.md; sourceTree = "<group>"; };
		5C969FC52F8A496000D022F8 /* communication-protocol.md */ = {isa = PBXFileReference; lastKnownFileType = net.daringfireball.markdown; path = "communication-protocol.md"; sourceTree = "<group>"; };
		5C969FC62F8A496000D022F8 /* data-models.md */ = {isa = PBXFileReference; lastKnownFileType = net.daringfireball.markdown; path = "data-models.md"; sourceTree = "<group>"; };
		5C969FC72F8A496000D022F8 /* extension-reconnect.md */ = {isa = PBXFileReference; lastKnownFileType = net.daringfireball.markdown; path = "extension-reconnect.md"; sourceTree = "<group>"; };
		5C969FC82F8A496000D022F8 /* git-branch-strategy.md */ = {isa = PBXFileReference; lastKnownFileType = net.daringfireball.markdown; path = "git-branch-strategy.md"; sourceTree = "<group>"; };
		5C969FCA2F8A496000D022F8 /* 架构重构设计及计划.md */ = {isa = PBXFileReference; lastKnownFileType = net.daringfireball.markdown; path = "架构重构设计及计划.md"; sourceTree = "<group>"; };
		5C969FCB2F8A496000D022F8 /* 设置界面重构设计.md */ = {isa = PBXFileReference; lastKnownFileType = net.daringfireball.markdown; path = "设置界面重构设计.md"; sourceTree = "<group>"; };
		5C969FCC2F8A496000D022F8 /* 重构计划.md */ = {isa = PBXFileReference; lastKnownFileType = net.daringfireball.markdown; path = "重构计划.md"; sourceTree = "<group>"; };
		5C969FCD2F8A496000D022F8 /* 重构设计.md */ = {isa = PBXFileReference; lastKnownFileType = net.daringfireball.markdown; path = "重构设计.md"; sourceTree = "<group>"; };
/* End PBXFileReference section */

/* Begin PBXFileSystemSynchronizedBuildFileExceptionSet section */
		5C8A29232F83D74A00FE687C /* Exceptions for "FinderSyncExt" folder in "FinderSyncExt" target */ = {
			isa = PBXFileSystemSynchronizedBuildFileExceptionSet;
			membershipExceptions = (
				Info.plist,
			);
			target = 5C8A29172F83D74A00FE687C /* FinderSyncExt */;
		};
		5C96A3872F8A9E2B00D022F8 /* Exceptions for "RClick" folder in "RClickTests" target */ = {
			isa = PBXFileSystemSynchronizedBuildFileExceptionSet;
			membershipExceptions = (
				Assets.xcassets,
			);
			target = 5C8A28E82F83D65B00FE687C /* RClickTests */;
		};
		5C96A3882F8A9E2B00D022F8 /* Exceptions for "RClick" folder in "RClickUITests" target */ = {
			isa = PBXFileSystemSynchronizedBuildFileExceptionSet;
			membershipExceptions = (
				Assets.xcassets,
			);
			target = 5C8A28F22F83D65B00FE687C /* RClickUITests */;
		};
		5C96A3892F8A9E2B00D022F8 /* Exceptions for "RClick" folder in "FinderSyncExt" target */ = {
			isa = PBXFileSystemSynchronizedBuildFileExceptionSet;
			membershipExceptions = (
				Assets.xcassets,
			);
			target = 5C8A29172F83D74A00FE687C /* FinderSyncExt */;
		};
/* End PBXFileSystemSynchronizedBuildFileExceptionSet section */

/* Begin PBXFileSystemSynchronizedRootGroup section */
		5C8A28DC2F83D65900FE687C /* RClick */ = {
			isa = PBXFileSystemSynchronizedRootGroup;
			exceptions = (
				5C96A3872F8A9E2B00D022F8 /* Exceptions for "RClick" folder in "RClickTests" target */,
				5C96A3882F8A9E2B00D022F8 /* Exceptions for "RClick" folder in "RClickUITests" target */,
				5C96A3892F8A9E2B00D022F8 /* Exceptions for "RClick" folder in "FinderSyncExt" target */,
			);
			path = RClick;
			sourceTree = "<group>";
		};
		5C8A28EC2F83D65B00FE687C /* RClickTests */ = {
			isa = PBXFileSystemSynchronizedRootGroup;
			path = RClickTests;
			sourceTree = "<group>";
		};
		5C8A28F62F83D65B00FE687C /* RClickUITests */ = {
			isa = PBXFileSystemSynchronizedRootGroup;
			path = RClickUITests;
			sourceTree = "<group>";
		};
		5C8A29192F83D74A00FE687C /* FinderSyncExt */ = {
			isa = PBXFileSystemSynchronizedRootGroup;
			exceptions = (
				5C8A29232F83D74A00FE687C /* Exceptions for "FinderSyncExt" folder in "FinderSyncExt" target */,
			);
			path = FinderSyncExt;
			sourceTree = "<group>";
		};
		5C8A29302F83D85000FE687C /* Shared */ = {
			isa = PBXFileSystemSynchronizedRootGroup;
			path = Shared;
			sourceTree = "<group>";
		};
/* End PBXFileSystemSynchronizedRootGroup section */

/* Begin PBXFrameworksBuildPhase section */
		5C8A28D72F83D65900FE687C /* Frameworks */ = {
			isa = PBXFrameworksBuildPhase;
			files = (
			);
		};
		5C8A28E62F83D65B00FE687C /* Frameworks */ = {
			isa = PBXFrameworksBuildPhase;
			files = (
			);
		};
		5C8A28F02F83D65B00FE687C /* Frameworks */ = {
			isa = PBXFrameworksBuildPhase;
			files = (
			);
		};
		5C8A29152F83D74A00FE687C /* Frameworks */ = {
			isa = PBXFrameworksBuildPhase;
			files = (
			);
		};
/* End PBXFrameworksBuildPhase section */

/* Begin PBXGroup section */
		5C8A28D12F83D65900FE687C = {
			isa = PBXGroup;
			children = (
				5C8A28DC2F83D65900FE687C /* RClick */,
				5C8A28EC2F83D65B00FE687C /* RClickTests */,
				5C8A28F62F83D65B00FE687C /* RClickUITests */,
				5C8A29192F83D74A00FE687C /* FinderSyncExt */,
				5C8A29302F83D85000FE687C /* Shared */,
				5C8A28DB2F83D65900FE687C /* Products */,
				5C969FB12F8A494600D022F8 /* CLAUDE.md */,
				5C969FB22F8A494600D022F8 /* LICENSE */,
				5C969FCE2F8A496000D022F8 /* specs */,
				5C969FB32F8A494600D022F8 /* README.md */,
			);
			sourceTree = "<group>";
		};
		5C8A28DB2F83D65900FE687C /* Products */ = {
			isa = PBXGroup;
			children = (
				5C8A28DA2F83D65900FE687C /* RClick.app */,
				5C8A28E92F83D65B00FE687C /* RClickTests.xctest */,
				5C8A28F32F83D65B00FE687C /* RClickUITests.xctest */,
				5C8A29182F83D74A00FE687C /* FinderSyncExt.appex */,
			);
			name = Products;
			sourceTree = "<group>";
		};
		5C969FC92F8A496000D022F8 /* contracts */ = {
			isa = PBXGroup;
			children = (
				5C969FC52F8A496000D022F8 /* communication-protocol.md */,
				5C969FC62F8A496000D022F8 /* data-models.md */,
				5C969FC72F8A496000D022F8 /* extension-reconnect.md */,
				5C969FC82F8A496000D022F8 /* git-branch-strategy.md */,
			);
			path = contracts;
			sourceTree = "<group>";
		};
		5C969FCE2F8A496000D022F8 /* specs */ = {
			isa = PBXGroup;
			children = (
				5C969FC92F8A496000D022F8 /* contracts */,
				5C969FCA2F8A496000D022F8 /* 架构重构设计及计划.md */,
				5C969FCB2F8A496000D022F8 /* 设置界面重构设计.md */,
				5C969FCC2F8A496000D022F8 /* 重构计划.md */,
				5C969FCD2F8A496000D022F8 /* 重构设计.md */,
			);
			path = specs;
			sourceTree = "<group>";
		};
/* End PBXGroup section */

/* Begin PBXNativeTarget section */
		5C8A28D92F83D65900FE687C /* RClick */ = {
			isa = PBXNativeTarget;
			buildConfigurationList = 5C8A28FD2F83D65B00FE687C /* Build configuration list for PBXNativeTarget "RClick" */;
			buildPhases = (
				5C8A28D62F83D65900FE687C /* Sources */,
				5C8A28D72F83D65900FE687C /* Frameworks */,
				5C8A28D82F83D65900FE687C /* Resources */,
				5C8A29202F83D74A00FE687C /* Embed Foundation Extensions */,
			);
			buildRules = (
			);
			dependencies = (
				5C8A291E2F83D74A00FE687C /* PBXTargetDependency */,
			);
			fileSystemSynchronizedGroups = (
				5C8A28DC2F83D65900FE687C /* RClick */,
				5C8A29302F83D85000FE687C /* Shared */,
			);
			name = RClick;
			productName = RClick;
			productReference = 5C8A28DA2F83D65900FE687C /* RClick.app */;
			productType = "com.apple.product-type.application";
		};
		5C8A28E82F83D65B00FE687C /* RClickTests */ = {
			isa = PBXNativeTarget;
			buildConfigurationList = 5C8A29002F83D65B00FE687C /* Build configuration list for PBXNativeTarget "RClickTests" */;
			buildPhases = (
				5C8A28E52F83D65B00FE687C /* Sources */,
				5C8A28E62F83D65B00FE687C /* Frameworks */,
				5C8A28E72F83D65B00FE687C /* Resources */,
			);
			buildRules = (
			);
			dependencies = (
				5C8A28EB2F83D65B00FE687C /* PBXTargetDependency */,
			);
			fileSystemSynchronizedGroups = (
				5C8A28EC2F83D65B00FE687C /* RClickTests */,
			);
			name = RClickTests;
			productName = RClickTests;
			productReference = 5C8A28E92F83D65B00FE687C /* RClickTests.xctest */;
			productType = "com.apple.product-type.bundle.unit-test";
		};
		5C8A28F22F83D65B00FE687C /* RClickUITests */ = {
			isa = PBXNativeTarget;
			buildConfigurationList = 5C8A29032F83D65B00FE687C /* Build configuration list for PBXNativeTarget "RClickUITests" */;
			buildPhases = (
				5C8A28EF2F83D65B00FE687C /* Sources */,
				5C8A28F02F83D65B00FE687C /* Frameworks */,
				5C8A28F12F83D65B00FE687C /* Resources */,
			);
			buildRules = (
			);
			dependencies = (
				5C8A28F52F83D65B00FE687C /* PBXTargetDependency */,
			);
			fileSystemSynchronizedGroups = (
				5C8A28F62F83D65B00FE687C /* RClickUITests */,
			);
			name = RClickUITests;
			productName = RClickUITests;
			productReference = 5C8A28F32F83D65B00FE687C /* RClickUITests.xctest */;
			productType = "com.apple.product-type.bundle.ui-testing";
		};
		5C8A29172F83D74A00FE687C /* FinderSyncExt */ = {
			isa = PBXNativeTarget;
			buildConfigurationList = 5C8A29242F83D74A00FE687C /* Build configuration list for PBXNativeTarget "FinderSyncExt" */;
			buildPhases = (
				5C8A29142F83D74A00FE687C /* Sources */,
				5C8A29152F83D74A00FE687C /* Frameworks */,
				5C8A29162F83D74A00FE687C /* Resources */,
			);
			buildRules = (
			);
			fileSystemSynchronizedGroups = (
				5C8A29192F83D74A00FE687C /* FinderSyncExt */,
				5C8A29302F83D85000FE687C /* Shared */,
			);
			name = FinderSyncExt;
			productName = FinderSyncExt;
			productReference = 5C8A29182F83D74A00FE687C /* FinderSyncExt.appex */;
			productType = "com.apple.product-type.app-extension";
		};
/* End PBXNativeTarget section */

/* Begin PBXProject section */
		5C8A28D22F83D65900FE687C /* Project object */ = {
			isa = PBXProject;
			attributes = {
				BuildIndependentTargetsInParallel = 1;
				LastSwiftUpdateCheck = 2640;
				LastUpgradeCheck = 2640;
				TargetAttributes = {
					5C8A28D92F83D65900FE687C = {
						CreatedOnToolsVersion = 26.4;
					};
					5C8A28E82F83D65B00FE687C = {
						CreatedOnToolsVersion = 26.4;
						TestTargetID = 5C8A28D92F83D65900FE687C;
					};
					5C8A28F22F83D65B00FE687C = {
						CreatedOnToolsVersion = 26.4;
						TestTargetID = 5C8A28D92F83D65900FE687C;
					};
					5C8A29172F83D74A00FE687C = {
						CreatedOnToolsVersion = 26.4;
					};
				};
			};
			buildConfigurationList = 5C8A28D52F83D65900FE687C /* Build configuration list for PBXProject "RClick" */;
			developmentRegion = en;
			hasScannedForEncodings = 0;
			knownRegions = (
				en,
				Base,
			);
			mainGroup = 5C8A28D12F83D65900FE687C;
			minimizedProjectReferenceProxies = 1;
			preferredProjectObjectVersion = 100;
			productRefGroup = 5C8A28DB2F83D65900FE687C /* Products */;
			projectDirPath = "";
			projectRoot = "";
			targets = (
				5C8A28D92F83D65900FE687C /* RClick */,
				5C8A28E82F83D65B00FE687C /* RClickTests */,
				5C8A28F22F83D65B00FE687C /* RClickUITests */,
				5C8A29172F83D74A00FE687C /* FinderSyncExt */,
			);
		};
/* End PBXProject section */

/* Begin PBXResourcesBuildPhase section */
		5C8A28D82F83D65900FE687C /* Resources */ = {
			isa = PBXResourcesBuildPhase;
			files = (
				5C969FB72F8A494600D022F8 /* README.md in Resources */,
				5C969FB82F8A494600D022F8 /* CLAUDE.md in Resources */,
				5C969FD72F8A496000D022F8 /* 架构重构设计及计划.md in Resources */,
				5C969FD82F8A496000D022F8 /* 重构计划.md in Resources */,
				5C969FD92F8A496000D022F8 /* 重构设计.md in Resources */,
				5C969FDA2F8A496000D022F8 /* communication-protocol.md in Resources */,
				5C969FDB2F8A496000D022F8 /* data-models.md in Resources */,
				5C969FDC2F8A496000D022F8 /* extension-reconnect.md in Resources */,
				5C969FDD2F8A496000D022F8 /* git-branch-strategy.md in Resources */,
				5C969FDE2F8A496000D022F8 /* 设置界面重构设计.md in Resources */,
				5C969FB92F8A494600D022F8 /* LICENSE in Resources */,
			);
		};
		5C8A28E72F83D65B00FE687C /* Resources */ = {
			isa = PBXResourcesBuildPhase;
			files = (
				5C969FBA2F8A494600D022F8 /* README.md in Resources */,
				5C969FBB2F8A494600D022F8 /* CLAUDE.md in Resources */,
				5C969FBC2F8A494600D022F8 /* LICENSE in Resources */,
				5C969FDF2F8A496000D022F8 /* 架构重构设计及计划.md in Resources */,
				5C969FE02F8A496000D022F8 /* 重构计划.md in Resources */,
				5C969FE12F8A496000D022F8 /* 重构设计.md in Resources */,
				5C969FE22F8A496000D022F8 /* communication-protocol.md in Resources */,
				5C969FE32F8A496000D022F8 /* data-models.md in Resources */,
				5C969FE42F8A496000D022F8 /* extension-reconnect.md in Resources */,
				5C969FE52F8A496000D022F8 /* git-branch-strategy.md in Resources */,
				5C969FE62F8A496000D022F8 /* 设置界面重构设计.md in Resources */,
			);
		};
		5C8A28F12F83D65B00FE687C /* Resources */ = {
			isa = PBXResourcesBuildPhase;
			files = (
				5C969FB42F8A494600D022F8 /* README.md in Resources */,
				5C969FB52F8A494600D022F8 /* CLAUDE.md in Resources */,
				5C969FB62F8A494600D022F8 /* LICENSE in Resources */,
				5C969FE72F8A496000D022F8 /* 架构重构设计及计划.md in Resources */,
				5C969FE82F8A496000D022F8 /* 重构计划.md in Resources */,
				5C969FE92F8A496000D022F8 /* 重构设计.md in Resources */,
				5C969FEA2F8A496000D022F8 /* communication-protocol.md in Resources */,
				5C969FEB2F8A496000D022F8 /* data-models.md in Resources */,
				5C969FEC2F8A496000D022F8 /* extension-reconnect.md in Resources */,
				5C969FED2F8A496000D022F8 /* git-branch-strategy.md in Resources */,
				5C969FEE2F8A496000D022F8 /* 设置界面重构设计.md in Resources */,
			);
		};
		5C8A29162F83D74A00FE687C /* Resources */ = {
			isa = PBXResourcesBuildPhase;
			files = (
				5C969FBD2F8A494600D022F8 /* README.md in Resources */,
				5C969FBE2F8A494600D022F8 /* CLAUDE.md in Resources */,
				5C969FBF2F8A494600D022F8 /* LICENSE in Resources */,
				5C969FCF2F8A496000D022F8 /* 架构重构设计及计划.md in Resources */,
				5C969FD02F8A496000D022F8 /* 重构计划.md in Resources */,
				5C969FD12F8A496000D022F8 /* 重构设计.md in Resources */,
				5C969FD22F8A496000D022F8 /* communication-protocol.md in Resources */,
				5C969FD32F8A496000D022F8 /* data-models.md in Resources */,
				5C969FD42F8A496000D022F8 /* extension-reconnect.md in Resources */,
				5C969FD52F8A496000D022F8 /* git-branch-strategy.md in Resources */,
				5C969FD62F8A496000D022F8 /* 设置界面重构设计.md in Resources */,
			);
		};
/* End PBXResourcesBuildPhase section */

/* Begin PBXSourcesBuildPhase section */
		5C8A28D62F83D65900FE687C /* Sources */ = {
			isa = PBXSourcesBuildPhase;
			files = (
			);
		};
		5C8A28E52F83D65B00FE687C /* Sources */ = {
			isa = PBXSourcesBuildPhase;
			files = (
			);
		};
		5C8A28EF2F83D65B00FE687C /* Sources */ = {
			isa = PBXSourcesBuildPhase;
			files = (
			);
		};
		5C8A29142F83D74A00FE687C /* Sources */ = {
			isa = PBXSourcesBuildPhase;
			files = (
			);
		};
/* End PBXSourcesBuildPhase section */

/* Begin PBXTargetDependency section */
		5C8A28EB2F83D65B00FE687C /* PBXTargetDependency */ = {
			isa = PBXTargetDependency;
			target = 5C8A28D92F83D65900FE687C /* RClick */;
			targetProxy = 5C8A28EA2F83D65B00FE687C /* PBXContainerItemProxy */;
		};
		5C8A28F52F83D65B00FE687C /* PBXTargetDependency */ = {
			isa = PBXTargetDependency;
			target = 5C8A28D92F83D65900FE687C /* RClick */;
			targetProxy = 5C8A28F42F83D65B00FE687C /* PBXContainerItemProxy */;
		};
		5C8A291E2F83D74A00FE687C /* PBXTargetDependency */ = {
			isa = PBXTargetDependency;
			target = 5C8A29172F83D74A00FE687C /* FinderSyncExt */;
			targetProxy = 5C8A291D2F83D74A00FE687C /* PBXContainerItemProxy */;
		};
/* End PBXTargetDependency section */

/* Begin XCBuildConfiguration section */
		5C8A28FB2F83D65B00FE687C /* Debug configuration for PBXProject "RClick" */ = {
			isa = XCBuildConfiguration;
			buildSettings = {
				ALWAYS_SEARCH_USER_PATHS = NO;
				ASSETCATALOG_COMPILER_GENERATE_SWIFT_ASSET_SYMBOL_EXTENSIONS = YES;
				CLANG_ANALYZER_NONNULL = YES;
				CLANG_ANALYZER_NUMBER_OBJECT_CONVERSION = YES_AGGRESSIVE;
				CLANG_CXX_LANGUAGE_STANDARD = "gnu++20";
				CLANG_ENABLE_MODULES = YES;
				CLANG_ENABLE_OBJC_ARC = YES;
				CLANG_ENABLE_OBJC_WEAK = YES;
				CLANG_WARN_BLOCK_CAPTURE_AUTORELEASING = YES;
				CLANG_WARN_BOOL_CONVERSION = YES;
				CLANG_WARN_COMMA = YES;
				CLANG_WARN_CONSTANT_CONVERSION = YES;
				CLANG_WARN_DEPRECATED_OBJC_IMPLEMENTATIONS = YES;
				CLANG_WARN_DIRECT_OBJC_ISA_USAGE = YES_ERROR;
				CLANG_WARN_DOCUMENTATION_COMMENTS = YES;
				CLANG_WARN_EMPTY_BODY = YES;
				CLANG_WARN_ENUM_CONVERSION = YES;
				CLANG_WARN_INFINITE_RECURSION = YES;
				CLANG_WARN_INT_CONVERSION = YES;
				CLANG_WARN_NON_LITERAL_NULL_CONVERSION = YES;
				CLANG_WARN_OBJC_IMPLICIT_RETAIN_SELF = YES;
				CLANG_WARN_OBJC_LITERAL_CONVERSION = YES;
				CLANG_WARN_OBJC_ROOT_CLASS = YES_ERROR;
				CLANG_WARN_QUOTED_INCLUDE_IN_FRAMEWORK_HEADER = YES;
				CLANG_WARN_RANGE_LOOP_ANALYSIS = YES;
				CLANG_WARN_STRICT_PROTOTYPES = YES;
				CLANG_WARN_SUSPICIOUS_MOVE = YES;
				CLANG_WARN_UNGUARDED_AVAILABILITY = YES_AGGRESSIVE;
				CLANG_WARN_UNREACHABLE_CODE = YES;
				CLANG_WARN__DUPLICATE_METHOD_MATCH = YES;
				COPY_PHASE_STRIP = NO;
				DEBUG_INFORMATION_FORMAT = dwarf;
				DEVELOPMENT_TEAM = 4L3563XCBN;
				ENABLE_STRICT_OBJC_MSGSEND = YES;
				ENABLE_TESTABILITY = YES;
				ENABLE_USER_SCRIPT_SANDBOXING = YES;
				GCC_C_LANGUAGE_STANDARD = gnu17;
				GCC_DYNAMIC_NO_PIC = NO;
				GCC_NO_COMMON_BLOCKS = YES;
				GCC_OPTIMIZATION_LEVEL = 0;
				GCC_PREPROCESSOR_DEFINITIONS = (
					"DEBUG=1",
					"$(inherited)",
				);
				GCC_WARN_64_TO_32_BIT_CONVERSION = YES;
				GCC_WARN_ABOUT_RETURN_TYPE = YES_ERROR;
				GCC_WARN_UNDECLARED_SELECTOR = YES;
				GCC_WARN_UNINITIALIZED_AUTOS = YES_AGGRESSIVE;
				GCC_WARN_UNUSED_FUNCTION = YES;
				GCC_WARN_UNUSED_VARIABLE = YES;
				LOCALIZATION_PREFERS_STRING_CATALOGS = YES;
				MACOSX_DEPLOYMENT_TARGET = 26.4;
				MTL_ENABLE_DEBUG_INFO = INCLUDE_SOURCE;
				MTL_FAST_MATH = YES;
				ONLY_ACTIVE_ARCH = YES;
				SDKROOT = macosx;
				SWIFT_ACTIVE_COMPILATION_CONDITIONS = "DEBUG $(inherited)";
				SWIFT_OPTIMIZATION_LEVEL = "-Onone";
			};
			name = Debug;
		};
		5C8A28FC2F83D65B00FE687C /* Release configuration for PBXProject "RClick" */ = {
			isa = XCBuildConfiguration;
			buildSettings = {
				ALWAYS_SEARCH_USER_PATHS = NO;
				ASSETCATALOG_COMPILER_GENERATE_SWIFT_ASSET_SYMBOL_EXTENSIONS = YES;
				CLANG_ANALYZER_NONNULL = YES;
				CLANG_ANALYZER_NUMBER_OBJECT_CONVERSION = YES_AGGRESSIVE;
				CLANG_CXX_LANGUAGE_STANDARD = "gnu++20";
				CLANG_ENABLE_MODULES = YES;
				CLANG_ENABLE_OBJC_ARC = YES;
				CLANG_ENABLE_OBJC_WEAK = YES;
				CLANG_WARN_BLOCK_CAPTURE_AUTORELEASING = YES;
				CLANG_WARN_BOOL_CONVERSION = YES;
				CLANG_WARN_COMMA = YES;
				CLANG_WARN_CONSTANT_CONVERSION = YES;
				CLANG_WARN_DEPRECATED_OBJC_IMPLEMENTATIONS = YES;
				CLANG_WARN_DIRECT_OBJC_ISA_USAGE = YES_ERROR;
				CLANG_WARN_DOCUMENTATION_COMMENTS = YES;
				CLANG_WARN_EMPTY_BODY = YES;
				CLANG_WARN_ENUM_CONVERSION = YES;
				CLANG_WARN_INFINITE_RECURSION = YES;
				CLANG_WARN_INT_CONVERSION = YES;
				CLANG_WARN_NON_LITERAL_NULL_CONVERSION = YES;
				CLANG_WARN_OBJC_IMPLICIT_RETAIN_SELF = YES;
				CLANG_WARN_OBJC_LITERAL_CONVERSION = YES;
				CLANG_WARN_OBJC_ROOT_CLASS = YES_ERROR;
				CLANG_WARN_QUOTED_INCLUDE_IN_FRAMEWORK_HEADER = YES;
				CLANG_WARN_RANGE_LOOP_ANALYSIS = YES;
				CLANG_WARN_STRICT_PROTOTYPES = YES;
				CLANG_WARN_SUSPICIOUS_MOVE = YES;
				CLANG_WARN_UNGUARDED_AVAILABILITY = YES_AGGRESSIVE;
				CLANG_WARN_UNREACHABLE_CODE = YES;
				CLANG_WARN__DUPLICATE_METHOD_MATCH = YES;
				COPY_PHASE_STRIP = NO;
				DEBUG_INFORMATION_FORMAT = "dwarf-with-dsym";
				DEVELOPMENT_TEAM = 4L3563XCBN;
				ENABLE_NS_ASSERTIONS = NO;
				ENABLE_STRICT_OBJC_MSGSEND = YES;
				ENABLE_USER_SCRIPT_SANDBOXING = YES;
				GCC_C_LANGUAGE_STANDARD = gnu17;
				GCC_NO_COMMON_BLOCKS = YES;
				GCC_WARN_64_TO_32_BIT_CONVERSION = YES;
				GCC_WARN_ABOUT_RETURN_TYPE = YES_ERROR;
				GCC_WARN_UNDECLARED_SELECTOR = YES;
				GCC_WARN_UNINITIALIZED_AUTOS = YES_AGGRESSIVE;
				GCC_WARN_UNUSED_FUNCTION = YES;
				GCC_WARN_UNUSED_VARIABLE = YES;
				LOCALIZATION_PREFERS_STRING_CATALOGS = YES;
				MACOSX_DEPLOYMENT_TARGET = 26.4;
				MTL_ENABLE_DEBUG_INFO = NO;
				MTL_FAST_MATH = YES;
				SDKROOT = macosx;
				SWIFT_COMPILATION_MODE = wholemodule;
			};
			name = Release;
		};
		5C8A28FE2F83D65B00FE687C /* Debug configuration for PBXNativeTarget "RClick" */ = {
			isa = XCBuildConfiguration;
			buildSettings = {
				ASSETCATALOG_COMPILER_APPICON_NAME = AppIcon;
				ASSETCATALOG_COMPILER_GLOBAL_ACCENT_COLOR_NAME = AccentColor;
				CODE_SIGN_ENTITLEMENTS = RClick/RClickDebug.entitlements;
				CODE_SIGN_STYLE = Automatic;
				COMBINE_HIDPI_IMAGES = YES;
				CURRENT_PROJECT_VERSION = 20260411005;
				DEVELOPMENT_TEAM = 4L3563XCBN;
				ENABLE_APP_SANDBOX = YES;
				ENABLE_HARDENED_RUNTIME = YES;
				ENABLE_PREVIEWS = YES;
				ENABLE_USER_SELECTED_FILES = readonly;
				GENERATE_INFOPLIST_FILE = YES;
				INFOPLIST_KEY_CFBundleDisplayName = RClick;
				INFOPLIST_KEY_LSApplicationCategoryType = "public.app-category.productivity";
				INFOPLIST_KEY_NSHumanReadableCopyright = "";
				LD_RUNPATH_SEARCH_PATHS = (
					"$(inherited)",
					"@executable_path/../Frameworks",
				);
				MACOSX_DEPLOYMENT_TARGET = 15.6;
				MARKETING_VERSION = 2.0.1;
				PRODUCT_BUNDLE_IDENTIFIER = cn.wflixu.RClick;
				PRODUCT_NAME = "$(TARGET_NAME)";
				REGISTER_APP_GROUPS = YES;
				STRING_CATALOG_GENERATE_SYMBOLS = YES;
				SWIFT_APPROACHABLE_CONCURRENCY = YES;
				SWIFT_DEFAULT_ACTOR_ISOLATION = MainActor;
				SWIFT_EMIT_LOC_STRINGS = YES;
				SWIFT_UPCOMING_FEATURE_MEMBER_IMPORT_VISIBILITY = YES;
				SWIFT_VERSION = 5.0;
			};
			name = Debug;
		};
		5C8A28FF2F83D65B00FE687C /* Release configuration for PBXNativeTarget "RClick" */ = {
			isa = XCBuildConfiguration;
			buildSettings = {
				ASSETCATALOG_COMPILER_APPICON_NAME = AppIcon;
				ASSETCATALOG_COMPILER_GLOBAL_ACCENT_COLOR_NAME = AccentColor;
				CODE_SIGN_ENTITLEMENTS = RClick/RClick.entitlements;
				CODE_SIGN_STYLE = Automatic;
				COMBINE_HIDPI_IMAGES = YES;
				CURRENT_PROJECT_VERSION = 20260411005;
				DEVELOPMENT_TEAM = 4L3563XCBN;
				ENABLE_APP_SANDBOX = YES;
				ENABLE_HARDENED_RUNTIME = YES;
				ENABLE_PREVIEWS = YES;
				ENABLE_USER_SELECTED_FILES = readonly;
				GENERATE_INFOPLIST_FILE = YES;
				INFOPLIST_KEY_CFBundleDisplayName = RClick;
				INFOPLIST_KEY_LSApplicationCategoryType = "public.app-category.productivity";
				INFOPLIST_KEY_NSHumanReadableCopyright = "";
				LD_RUNPATH_SEARCH_PATHS = (
					"$(inherited)",
					"@executable_path/../Frameworks",
				);
				MACOSX_DEPLOYMENT_TARGET = 15.6;
				MARKETING_VERSION = 2.0.1;
				PRODUCT_BUNDLE_IDENTIFIER = cn.wflixu.RClick;
				PRODUCT_NAME = "$(TARGET_NAME)";
				REGISTER_APP_GROUPS = YES;
				STRING_CATALOG_GENERATE_SYMBOLS = YES;
				SWIFT_APPROACHABLE_CONCURRENCY = YES;
				SWIFT_DEFAULT_ACTOR_ISOLATION = MainActor;
				SWIFT_EMIT_LOC_STRINGS = YES;
				SWIFT_UPCOMING_FEATURE_MEMBER_IMPORT_VISIBILITY = YES;
				SWIFT_VERSION = 5.0;
			};
			name = Release;
		};
		5C8A29012F83D65B00FE687C /* Debug configuration for PBXNativeTarget "RClickTests" */ = {
			isa = XCBuildConfiguration;
			buildSettings = {
				BUNDLE_LOADER = "$(TEST_HOST)";
				CODE_SIGN_STYLE = Automatic;
				CURRENT_PROJECT_VERSION = 1;
				DEVELOPMENT_TEAM = 4L3563XCBN;
				GENERATE_INFOPLIST_FILE = YES;
				MACOSX_DEPLOYMENT_TARGET = 26.4;
				MARKETING_VERSION = 1.0;
				PRODUCT_BUNDLE_IDENTIFIER = cn.wflixu.RClickTests;
				PRODUCT_NAME = "$(TARGET_NAME)";
				STRING_CATALOG_GENERATE_SYMBOLS = NO;
				SWIFT_APPROACHABLE_CONCURRENCY = YES;
				SWIFT_EMIT_LOC_STRINGS = NO;
				SWIFT_UPCOMING_FEATURE_MEMBER_IMPORT_VISIBILITY = YES;
				SWIFT_VERSION = 5.0;
				TEST_HOST = "$(BUILT_PRODUCTS_DIR)/RClick.app/$(BUNDLE_EXECUTABLE_FOLDER_PATH)/RClick";
			};
			name = Debug;
		};
		5C8A29022F83D65B00FE687C /* Release configuration for PBXNativeTarget "RClickTests" */ = {
			isa = XCBuildConfiguration;
			buildSettings = {
				BUNDLE_LOADER = "$(TEST_HOST)";
				CODE_SIGN_STYLE = Automatic;
				CURRENT_PROJECT_VERSION = 1;
				DEVELOPMENT_TEAM = 4L3563XCBN;
				GENERATE_INFOPLIST_FILE = YES;
				MACOSX_DEPLOYMENT_TARGET = 26.4;
				MARKETING_VERSION = 1.0;
				PRODUCT_BUNDLE_IDENTIFIER = cn.wflixu.RClickTests;
				PRODUCT_NAME = "$(TARGET_NAME)";
				STRING_CATALOG_GENERATE_SYMBOLS = NO;
				SWIFT_APPROACHABLE_CONCURRENCY = YES;
				SWIFT_EMIT_LOC_STRINGS = NO;
				SWIFT_UPCOMING_FEATURE_MEMBER_IMPORT_VISIBILITY = YES;
				SWIFT_VERSION = 5.0;
				TEST_HOST = "$(BUILT_PRODUCTS_DIR)/RClick.app/$(BUNDLE_EXECUTABLE_FOLDER_PATH)/RClick";
			};
			name = Release;
		};
		5C8A29042F83D65B00FE687C /* Debug configuration for PBXNativeTarget "RClickUITests" */ = {
			isa = XCBuildConfiguration;
			buildSettings = {
				CODE_SIGN_STYLE = Automatic;
				CURRENT_PROJECT_VERSION = 1;
				DEVELOPMENT_TEAM = 4L3563XCBN;
				GENERATE_INFOPLIST_FILE = YES;
				MARKETING_VERSION = 1.0;
				PRODUCT_BUNDLE_IDENTIFIER = cn.wflixu.RClickUITests;
				PRODUCT_NAME = "$(TARGET_NAME)";
				STRING_CATALOG_GENERATE_SYMBOLS = NO;
				SWIFT_APPROACHABLE_CONCURRENCY = YES;
				SWIFT_EMIT_LOC_STRINGS = NO;
				SWIFT_UPCOMING_FEATURE_MEMBER_IMPORT_VISIBILITY = YES;
				SWIFT_VERSION = 5.0;
				TEST_TARGET_NAME = RClick;
			};
			name = Debug;
		};
		5C8A29052F83D65B00FE687C /* Release configuration for PBXNativeTarget "RClickUITests" */ = {
			isa = XCBuildConfiguration;
			buildSettings = {
				CODE_SIGN_STYLE = Automatic;
				CURRENT_PROJECT_VERSION = 1;
				DEVELOPMENT_TEAM = 4L3563XCBN;
				GENERATE_INFOPLIST_FILE = YES;
				MARKETING_VERSION = 1.0;
				PRODUCT_BUNDLE_IDENTIFIER = cn.wflixu.RClickUITests;
				PRODUCT_NAME = "$(TARGET_NAME)";
				STRING_CATALOG_GENERATE_SYMBOLS = NO;
				SWIFT_APPROACHABLE_CONCURRENCY = YES;
				SWIFT_EMIT_LOC_STRINGS = NO;
				SWIFT_UPCOMING_FEATURE_MEMBER_IMPORT_VISIBILITY = YES;
				SWIFT_VERSION = 5.0;
				TEST_TARGET_NAME = RClick;
			};
			name = Release;
		};
		5C8A29212F83D74A00FE687C /* Debug configuration for PBXNativeTarget "FinderSyncExt" */ = {
			isa = XCBuildConfiguration;
			buildSettings = {
				CODE_SIGN_ENTITLEMENTS = FinderSyncExt/FinderSyncExt.entitlements;
				CODE_SIGN_STYLE = Automatic;
				COMBINE_HIDPI_IMAGES = YES;
				CURRENT_PROJECT_VERSION = 20260411005;
				DEVELOPMENT_TEAM = 4L3563XCBN;
				ENABLE_APP_SANDBOX = YES;
				ENABLE_HARDENED_RUNTIME = YES;
				ENABLE_USER_SELECTED_FILES = readonly;
				GENERATE_INFOPLIST_FILE = YES;
				INFOPLIST_FILE = FinderSyncExt/Info.plist;
				INFOPLIST_KEY_CFBundleDisplayName = FinderSyncExt;
				INFOPLIST_KEY_NSHumanReadableCopyright = "";
				LD_RUNPATH_SEARCH_PATHS = (
					"$(inherited)",
					"@executable_path/../Frameworks",
					"@executable_path/../../../../Frameworks",
				);
				MACOSX_DEPLOYMENT_TARGET = 15.6;
				MARKETING_VERSION = 2.0.1;
				PRODUCT_BUNDLE_IDENTIFIER = cn.wflixu.RClick.FinderSyncExt;
				PRODUCT_NAME = "$(TARGET_NAME)";
				REGISTER_APP_GROUPS = YES;
				SKIP_INSTALL = YES;
				STRING_CATALOG_GENERATE_SYMBOLS = YES;
				SWIFT_APPROACHABLE_CONCURRENCY = YES;
				SWIFT_EMIT_LOC_STRINGS = YES;
				SWIFT_UPCOMING_FEATURE_MEMBER_IMPORT_VISIBILITY = YES;
				SWIFT_VERSION = 5.0;
			};
			name = Debug;
		};
		5C8A29222F83D74A00FE687C /* Release configuration for PBXNativeTarget "FinderSyncExt" */ = {
			isa = XCBuildConfiguration;
			buildSettings = {
				CODE_SIGN_ENTITLEMENTS = FinderSyncExt/FinderSyncExt.entitlements;
				CODE_SIGN_STYLE = Automatic;
				COMBINE_HIDPI_IMAGES = YES;
				CURRENT_PROJECT_VERSION = 20260411005;
				DEVELOPMENT_TEAM = 4L3563XCBN;
				ENABLE_APP_SANDBOX = YES;
				ENABLE_HARDENED_RUNTIME = YES;
				ENABLE_USER_SELECTED_FILES = readonly;
				GENERATE_INFOPLIST_FILE = YES;
				INFOPLIST_FILE = FinderSyncExt/Info.plist;
				INFOPLIST_KEY_CFBundleDisplayName = FinderSyncExt;
				INFOPLIST_KEY_NSHumanReadableCopyright = "";
				LD_RUNPATH_SEARCH_PATHS = (
					"$(inherited)",
					"@executable_path/../Frameworks",
					"@executable_path/../../../../Frameworks",
				);
				MACOSX_DEPLOYMENT_TARGET = 15.6;
				MARKETING_VERSION = 2.0.1;
				PRODUCT_BUNDLE_IDENTIFIER = cn.wflixu.RClick.FinderSyncExt;
				PRODUCT_NAME = "$(TARGET_NAME)";
				REGISTER_APP_GROUPS = YES;
				SKIP_INSTALL = YES;
				STRING_CATALOG_GENERATE_SYMBOLS = YES;
				SWIFT_APPROACHABLE_CONCURRENCY = YES;
				SWIFT_EMIT_LOC_STRINGS = YES;
				SWIFT_UPCOMING_FEATURE_MEMBER_IMPORT_VISIBILITY = YES;
				SWIFT_VERSION = 5.0;
			};
			name = Release;
		};
/* End XCBuildConfiguration section */

/* Begin XCConfigurationList section */
		5C8A28D52F83D65900FE687C /* Build configuration list for PBXProject "RClick" */ = {
			isa = XCConfigurationList;
			buildConfigurations = (
				5C8A28FB2F83D65B00FE687C /* Debug configuration for PBXProject "RClick" */,
				5C8A28FC2F83D65B00FE687C /* Release configuration for PBXProject "RClick" */,
			);
			defaultConfigurationName = Release;
		};
		5C8A28FD2F83D65B00FE687C /* Build configuration list for PBXNativeTarget "RClick" */ = {
			isa = XCConfigurationList;
			buildConfigurations = (
				5C8A28FE2F83D65B00FE687C /* Debug configuration for PBXNativeTarget "RClick" */,
				5C8A28FF2F83D65B00FE687C /* Release configuration for PBXNativeTarget "RClick" */,
			);
			defaultConfigurationName = Release;
		};
		5C8A29002F83D65B00FE687C /* Build configuration list for PBXNativeTarget "RClickTests" */ = {
			isa = XCConfigurationList;
			buildConfigurations = (
				5C8A29012F83D65B00FE687C /* Debug configuration for PBXNativeTarget "RClickTests" */,
				5C8A29022F83D65B00FE687C /* Release configuration for PBXNativeTarget "RClickTests" */,
			);
			defaultConfigurationName = Release;
		};
		5C8A29032F83D65B00FE687C /* Build configuration list for PBXNativeTarget "RClickUITests" */ = {
			isa = XCConfigurationList;
			buildConfigurations = (
				5C8A29042F83D65B00FE687C /* Debug configuration for PBXNativeTarget "RClickUITests" */,
				5C8A29052F83D65B00FE687C /* Release configuration for PBXNativeTarget "RClickUITests" */,
			);
			defaultConfigurationName = Release;
		};
		5C8A29242F83D74A00FE687C /* Build configuration list for PBXNativeTarget "FinderSyncExt" */ = {
			isa = XCConfigurationList;
			buildConfigurations = (
				5C8A29212F83D74A00FE687C /* Debug configuration for PBXNativeTarget "FinderSyncExt" */,
				5C8A29222F83D74A00FE687C /* Release configuration for PBXNativeTarget "FinderSyncExt" */,
			);
			defaultConfigurationName = Release;
		};
/* End XCConfigurationList section */
	};
	rootObject = 5C8A28D22F83D65900FE687C /* Project object */;
}
