// !$*UTF8*$!
{
	archiveVersion = 1;
	classes = {
	};
	objectVersion = 56;
	objects = {

/* Begin PBXBuildFile section */
		5C119D072BBE9B9900B2D7C4 /* RClickApp.swift in Sources */ = {isa = PBXBuildFile; fileRef = 5C119D062BBE9B9900B2D7C4 /* RClickApp.swift */; };
		5C119D092BBE9B9900B2D7C4 /* ContentView.swift in Sources */ = {isa = PBXBuildFile; fileRef = 5C119D082BBE9B9900B2D7C4 /* ContentView.swift */; };
		5C119D0D2BBE9B9B00B2D7C4 /* Assets.xcassets in Resources */ = {isa = PBXBuildFile; fileRef = 5C119D0C2BBE9B9B00B2D7C4 /* Assets.xcassets */; };
		5C119D102BBE9B9B00B2D7C4 /* Preview Assets.xcassets in Resources */ = {isa = PBXBuildFile; fileRef = 5C119D0F2BBE9B9B00B2D7C4 /* Preview Assets.xcassets */; };
		5C119D182BBE9C8F00B2D7C4 /* MenuBarView.swift in Sources */ = {isa = PBXBuildFile; fileRef = 5C119D172BBE9C8F00B2D7C4 /* MenuBarView.swift */; };
		5C119D1A2BBE9D5700B2D7C4 /* SettingsView.swift in Sources */ = {isa = PBXBuildFile; fileRef = 5C119D192BBE9D5700B2D7C4 /* SettingsView.swift */; };
		5C119D332BBEA9AC00B2D7C4 /* FinderSync.swift in Sources */ = {isa = PBXBuildFile; fileRef = 5C119D322BBEA9AC00B2D7C4 /* FinderSync.swift */; };
		5C119D382BBEA9AC00B2D7C4 /* FinderSyncExt.appex in Embed Foundation Extensions */ = {isa = PBXBuildFile; fileRef = 5C119D302BBEA9AC00B2D7C4 /* FinderSyncExt.appex */; settings = {ATTRIBUTES = (RemoveHeadersOnCopy, ); }; };
		5C128E5B2BC2D088001F73DA /* MenuItemStore.swift in Sources */ = {isa = PBXBuildFile; fileRef = 5C128E5A2BC2D088001F73DA /* MenuItemStore.swift */; };
		5C128E5C2BC2D0A3001F73DA /* MenuItemStore.swift in Sources */ = {isa = PBXBuildFile; fileRef = 5C128E5A2BC2D088001F73DA /* MenuItemStore.swift */; };
		5C128E5E2BC2D0F0001F73DA /* AppMenuItem.swift in Sources */ = {isa = PBXBuildFile; fileRef = 5C128E5D2BC2D0F0001F73DA /* AppMenuItem.swift */; };
		5C128E5F2BC2D0F0001F73DA /* AppMenuItem.swift in Sources */ = {isa = PBXBuildFile; fileRef = 5C128E5D2BC2D0F0001F73DA /* AppMenuItem.swift */; };
		5C128E612BC2D11E001F73DA /* MenuItem.swift in Sources */ = {isa = PBXBuildFile; fileRef = 5C128E602BC2D11E001F73DA /* MenuItem.swift */; };
		5C128E622BC2D11E001F73DA /* MenuItem.swift in Sources */ = {isa = PBXBuildFile; fileRef = 5C128E602BC2D11E001F73DA /* MenuItem.swift */; };
		5C128E642BC2D17B001F73DA /* ActionMenuItem.swift in Sources */ = {isa = PBXBuildFile; fileRef = 5C128E632BC2D17B001F73DA /* ActionMenuItem.swift */; };
		5C128E652BC2D17B001F73DA /* ActionMenuItem.swift in Sources */ = {isa = PBXBuildFile; fileRef = 5C128E632BC2D17B001F73DA /* ActionMenuItem.swift */; };
		5C128E672BC2D1AF001F73DA /* FolderItem.swift in Sources */ = {isa = PBXBuildFile; fileRef = 5C128E662BC2D1AF001F73DA /* FolderItem.swift */; };
		5C128E682BC2D1AF001F73DA /* FolderItem.swift in Sources */ = {isa = PBXBuildFile; fileRef = 5C128E662BC2D1AF001F73DA /* FolderItem.swift */; };
		5C128E6A2BC2D233001F73DA /* SyncFolderItem.swift in Sources */ = {isa = PBXBuildFile; fileRef = 5C128E692BC2D233001F73DA /* SyncFolderItem.swift */; };
		5C128E6B2BC2D233001F73DA /* SyncFolderItem.swift in Sources */ = {isa = PBXBuildFile; fileRef = 5C128E692BC2D233001F73DA /* SyncFolderItem.swift */; };
		5C128E6C2BC2D3BD001F73DA /* FinderCommChannel.swift in Sources */ = {isa = PBXBuildFile; fileRef = 5C128E582BC2CFBB001F73DA /* FinderCommChannel.swift */; };
		5C128E712BC2E110001F73DA /* FinderSync+UserDefaults.swift in Sources */ = {isa = PBXBuildFile; fileRef = 5C128E702BC2E110001F73DA /* FinderSync+UserDefaults.swift */; };
		5C158AA92BC64654006EC625 /* GeneralSettingsTabView.swift in Sources */ = {isa = PBXBuildFile; fileRef = 5C158AA82BC64654006EC625 /* GeneralSettingsTabView.swift */; };
		5C158AAB2BC68B0A006EC625 /* AppDelegate.swift in Sources */ = {isa = PBXBuildFile; fileRef = 5C158AAA2BC68B0A006EC625 /* AppDelegate.swift */; };
		5C4288662BDA5536000C0828 /* AppLogger.swift in Sources */ = {isa = PBXBuildFile; fileRef = 5C4288652BDA5536000C0828 /* AppLogger.swift */; };
		5C50D25A2BBED0FE00DF31AA /* AboutSettingsTabView.swift in Sources */ = {isa = PBXBuildFile; fileRef = 5C50D2592BBED0FE00DF31AA /* AboutSettingsTabView.swift */; };
		5C50D2802BBFB24000DF31AA /* AppCommChannel.swift in Sources */ = {isa = PBXBuildFile; fileRef = 5C50D27F2BBFB24000DF31AA /* AppCommChannel.swift */; };
		5C50D2822BBFB33200DF31AA /* StringExtension.swift in Sources */ = {isa = PBXBuildFile; fileRef = 5C50D2812BBFB33200DF31AA /* StringExtension.swift */; };
		5C50D2842BBFB42100DF31AA /* FolderItemStore.swift in Sources */ = {isa = PBXBuildFile; fileRef = 5C50D2832BBFB42100DF31AA /* FolderItemStore.swift */; };
		5C50D2872BBFB50C00DF31AA /* BookmarkFolderItem.swift in Sources */ = {isa = PBXBuildFile; fileRef = 5C50D2862BBFB50C00DF31AA /* BookmarkFolderItem.swift */; };
		5C50D28A2BBFB9E800DF31AA /* FolderItemStore.swift in Sources */ = {isa = PBXBuildFile; fileRef = 5C50D2832BBFB42100DF31AA /* FolderItemStore.swift */; };
		5C50D28D2BBFCFF600DF31AA /* OrderedCollections in Frameworks */ = {isa = PBXBuildFile; productRef = 5C50D28C2BBFCFF600DF31AA /* OrderedCollections */; };
		5C50D28F2BBFD00500DF31AA /* OrderedCollections in Frameworks */ = {isa = PBXBuildFile; productRef = 5C50D28E2BBFD00500DF31AA /* OrderedCollections */; };
		5C50D2912BBFD08C00DF31AA /* BookmarkFolderItem.swift in Sources */ = {isa = PBXBuildFile; fileRef = 5C50D2862BBFB50C00DF31AA /* BookmarkFolderItem.swift */; };
		5C50D2922BBFD11100DF31AA /* StringExtension.swift in Sources */ = {isa = PBXBuildFile; fileRef = 5C50D2812BBFB33200DF31AA /* StringExtension.swift */; };
		5C7C2DA02BDD3FE500ED84EF /* Localizable.xcstrings in Resources */ = {isa = PBXBuildFile; fileRef = 5C7C2D9F2BDD3FE500ED84EF /* Localizable.xcstrings */; };
		5C7C2DA12BDD3FE500ED84EF /* Localizable.xcstrings in Resources */ = {isa = PBXBuildFile; fileRef = 5C7C2D9F2BDD3FE500ED84EF /* Localizable.xcstrings */; };
		5CC9F09A2BC5445C00AF9B81 /* Messager.swift in Sources */ = {isa = PBXBuildFile; fileRef = 5CC9F0992BC5445C00AF9B81 /* Messager.swift */; };
		5CC9F09B2BC5464400AF9B81 /* Messager.swift in Sources */ = {isa = PBXBuildFile; fileRef = 5CC9F0992BC5445C00AF9B81 /* Messager.swift */; };
		5CC9F09D2BC567F000AF9B81 /* ActionSettingsTabView.swift in Sources */ = {isa = PBXBuildFile; fileRef = 5CC9F09C2BC567F000AF9B81 /* ActionSettingsTabView.swift */; };
/* End PBXBuildFile section */

/* Begin PBXContainerItemProxy section */
		5C119D362BBEA9AC00B2D7C4 /* PBXContainerItemProxy */ = {
			isa = PBXContainerItemProxy;
			containerPortal = 5C119CFB2BBE9B9900B2D7C4 /* Project object */;
			proxyType = 1;
			remoteGlobalIDString = 5C119D2F2BBEA9AC00B2D7C4;
			remoteInfo = FinderSyncExt;
		};
/* End PBXContainerItemProxy section */

/* Begin PBXCopyFilesBuildPhase section */
		5C119D2B2BBEA44300B2D7C4 /* Embed Foundation Extensions */ = {
			isa = PBXCopyFilesBuildPhase;
			buildActionMask = 2147483647;
			dstPath = "";
			dstSubfolderSpec = 13;
			files = (
				5C119D382BBEA9AC00B2D7C4 /* FinderSyncExt.appex in Embed Foundation Extensions */,
			);
			name = "Embed Foundation Extensions";
			runOnlyForDeploymentPostprocessing = 0;
		};
/* End PBXCopyFilesBuildPhase section */

/* Begin PBXFileReference section */
		5C119D032BBE9B9900B2D7C4 /* RClick.app */ = {isa = PBXFileReference; explicitFileType = wrapper.application; includeInIndex = 0; path = RClick.app; sourceTree = BUILT_PRODUCTS_DIR; };
		5C119D062BBE9B9900B2D7C4 /* RClickApp.swift */ = {isa = PBXFileReference; lastKnownFileType = sourcecode.swift; path = RClickApp.swift; sourceTree = "<group>"; };
		5C119D082BBE9B9900B2D7C4 /* ContentView.swift */ = {isa = PBXFileReference; lastKnownFileType = sourcecode.swift; path = ContentView.swift; sourceTree = "<group>"; };
		5C119D0C2BBE9B9B00B2D7C4 /* Assets.xcassets */ = {isa = PBXFileReference; lastKnownFileType = folder.assetcatalog; path = Assets.xcassets; sourceTree = "<group>"; };
		5C119D0F2BBE9B9B00B2D7C4 /* Preview Assets.xcassets */ = {isa = PBXFileReference; lastKnownFileType = folder.assetcatalog; path = "Preview Assets.xcassets"; sourceTree = "<group>"; };
		5C119D112BBE9B9B00B2D7C4 /* RClick.entitlements */ = {isa = PBXFileReference; lastKnownFileType = text.plist.entitlements; path = RClick.entitlements; sourceTree = "<group>"; };
		5C119D172BBE9C8F00B2D7C4 /* MenuBarView.swift */ = {isa = PBXFileReference; lastKnownFileType = sourcecode.swift; path = MenuBarView.swift; sourceTree = "<group>"; };
		5C119D192BBE9D5700B2D7C4 /* SettingsView.swift */ = {isa = PBXFileReference; lastKnownFileType = sourcecode.swift; path = SettingsView.swift; sourceTree = "<group>"; };
		5C119D302BBEA9AC00B2D7C4 /* FinderSyncExt.appex */ = {isa = PBXFileReference; explicitFileType = "wrapper.app-extension"; includeInIndex = 0; path = FinderSyncExt.appex; sourceTree = BUILT_PRODUCTS_DIR; };
		5C119D322BBEA9AC00B2D7C4 /* FinderSync.swift */ = {isa = PBXFileReference; lastKnownFileType = sourcecode.swift; path = FinderSync.swift; sourceTree = "<group>"; };
		5C119D342BBEA9AC00B2D7C4 /* Info.plist */ = {isa = PBXFileReference; lastKnownFileType = text.plist.xml; path = Info.plist; sourceTree = "<group>"; };
		5C119D352BBEA9AC00B2D7C4 /* FinderSyncExt.entitlements */ = {isa = PBXFileReference; lastKnownFileType = text.plist.entitlements; path = FinderSyncExt.entitlements; sourceTree = "<group>"; };
		5C128E582BC2CFBB001F73DA /* FinderCommChannel.swift */ = {isa = PBXFileReference; lastKnownFileType = sourcecode.swift; path = FinderCommChannel.swift; sourceTree = "<group>"; };
		5C128E5A2BC2D088001F73DA /* MenuItemStore.swift */ = {isa = PBXFileReference; lastKnownFileType = sourcecode.swift; path = MenuItemStore.swift; sourceTree = "<group>"; };
		5C128E5D2BC2D0F0001F73DA /* AppMenuItem.swift */ = {isa = PBXFileReference; lastKnownFileType = sourcecode.swift; path = AppMenuItem.swift; sourceTree = "<group>"; };
		5C128E602BC2D11E001F73DA /* MenuItem.swift */ = {isa = PBXFileReference; lastKnownFileType = sourcecode.swift; path = MenuItem.swift; sourceTree = "<group>"; };
		5C128E632BC2D17B001F73DA /* ActionMenuItem.swift */ = {isa = PBXFileReference; lastKnownFileType = sourcecode.swift; path = ActionMenuItem.swift; sourceTree = "<group>"; };
		5C128E662BC2D1AF001F73DA /* FolderItem.swift */ = {isa = PBXFileReference; lastKnownFileType = sourcecode.swift; path = FolderItem.swift; sourceTree = "<group>"; };
		5C128E692BC2D233001F73DA /* SyncFolderItem.swift */ = {isa = PBXFileReference; lastKnownFileType = sourcecode.swift; path = SyncFolderItem.swift; sourceTree = "<group>"; };
		5C128E702BC2E110001F73DA /* FinderSync+UserDefaults.swift */ = {isa = PBXFileReference; lastKnownFileType = sourcecode.swift; path = "FinderSync+UserDefaults.swift"; sourceTree = "<group>"; };
		5C158AA82BC64654006EC625 /* GeneralSettingsTabView.swift */ = {isa = PBXFileReference; lastKnownFileType = sourcecode.swift; path = GeneralSettingsTabView.swift; sourceTree = "<group>"; };
		5C158AAA2BC68B0A006EC625 /* AppDelegate.swift */ = {isa = PBXFileReference; lastKnownFileType = sourcecode.swift; path = AppDelegate.swift; sourceTree = "<group>"; };
		5C1DA5B02BC59978004F88BC /* Info.plist */ = {isa = PBXFileReference; lastKnownFileType = text.plist; path = Info.plist; sourceTree = "<group>"; };
		5C4288652BDA5536000C0828 /* AppLogger.swift */ = {isa = PBXFileReference; lastKnownFileType = sourcecode.swift; path = AppLogger.swift; sourceTree = "<group>"; };
		5C50D2542BBEB27900DF31AA /* README.md */ = {isa = PBXFileReference; lastKnownFileType = net.daringfireball.markdown; path = README.md; sourceTree = "<group>"; };
		5C50D2592BBED0FE00DF31AA /* AboutSettingsTabView.swift */ = {isa = PBXFileReference; lastKnownFileType = sourcecode.swift; path = AboutSettingsTabView.swift; sourceTree = "<group>"; };
		5C50D27F2BBFB24000DF31AA /* AppCommChannel.swift */ = {isa = PBXFileReference; lastKnownFileType = sourcecode.swift; path = AppCommChannel.swift; sourceTree = "<group>"; };
		5C50D2812BBFB33200DF31AA /* StringExtension.swift */ = {isa = PBXFileReference; lastKnownFileType = sourcecode.swift; path = StringExtension.swift; sourceTree = "<group>"; };
		5C50D2832BBFB42100DF31AA /* FolderItemStore.swift */ = {isa = PBXFileReference; lastKnownFileType = sourcecode.swift; path = FolderItemStore.swift; sourceTree = "<group>"; };
		5C50D2862BBFB50C00DF31AA /* BookmarkFolderItem.swift */ = {isa = PBXFileReference; lastKnownFileType = sourcecode.swift; path = BookmarkFolderItem.swift; sourceTree = "<group>"; };
		5C55A3222BDF5E5B00C47255 /* privacy.html */ = {isa = PBXFileReference; lastKnownFileType = text.html; path = privacy.html; sourceTree = "<group>"; };
		5C7C2D9F2BDD3FE500ED84EF /* Localizable.xcstrings */ = {isa = PBXFileReference; lastKnownFileType = text.json.xcstrings; path = Localizable.xcstrings; sourceTree = "<group>"; };
		5CC9F0992BC5445C00AF9B81 /* Messager.swift */ = {isa = PBXFileReference; lastKnownFileType = sourcecode.swift; path = Messager.swift; sourceTree = "<group>"; };
		5CC9F09C2BC567F000AF9B81 /* ActionSettingsTabView.swift */ = {isa = PBXFileReference; lastKnownFileType = sourcecode.swift; path = ActionSettingsTabView.swift; sourceTree = "<group>"; };
		5CDE94A82BCADA0500B05814 /* FinderSyncExtRelease.entitlements */ = {isa = PBXFileReference; lastKnownFileType = text.plist.entitlements; path = FinderSyncExtRelease.entitlements; sourceTree = "<group>"; };
/* End PBXFileReference section */

/* Begin PBXFrameworksBuildPhase section */
		5C119D002BBE9B9900B2D7C4 /* Frameworks */ = {
			isa = PBXFrameworksBuildPhase;
			buildActionMask = 2147483647;
			files = (
				5C50D28D2BBFCFF600DF31AA /* OrderedCollections in Frameworks */,
			);
			runOnlyForDeploymentPostprocessing = 0;
		};
		5C119D2D2BBEA9AC00B2D7C4 /* Frameworks */ = {
			isa = PBXFrameworksBuildPhase;
			buildActionMask = 2147483647;
			files = (
				5C50D28F2BBFD00500DF31AA /* OrderedCollections in Frameworks */,
			);
			runOnlyForDeploymentPostprocessing = 0;
		};
/* End PBXFrameworksBuildPhase section */

/* Begin PBXGroup section */
		5C119CFA2BBE9B9900B2D7C4 = {
			isa = PBXGroup;
			children = (
				5C55A3222BDF5E5B00C47255 /* privacy.html */,
				5C50D2542BBEB27900DF31AA /* README.md */,
				5C119D052BBE9B9900B2D7C4 /* RClick */,
				5C119D312BBEA9AC00B2D7C4 /* FinderSyncExt */,
				5C119D042BBE9B9900B2D7C4 /* Products */,
				5C50D28B2BBFCFC400DF31AA /* Frameworks */,
			);
			sourceTree = "<group>";
		};
		5C119D042BBE9B9900B2D7C4 /* Products */ = {
			isa = PBXGroup;
			children = (
				5C119D032BBE9B9900B2D7C4 /* RClick.app */,
				5C119D302BBEA9AC00B2D7C4 /* FinderSyncExt.appex */,
			);
			name = Products;
			sourceTree = "<group>";
		};
		5C119D052BBE9B9900B2D7C4 /* RClick */ = {
			isa = PBXGroup;
			children = (
				5C1DA5B02BC59978004F88BC /* Info.plist */,
				5C50D27D2BBFB1E100DF31AA /* Shared */,
				5C119D062BBE9B9900B2D7C4 /* RClickApp.swift */,
				5C158AAA2BC68B0A006EC625 /* AppDelegate.swift */,
				5C119D192BBE9D5700B2D7C4 /* SettingsView.swift */,
				5C158AA82BC64654006EC625 /* GeneralSettingsTabView.swift */,
				5CC9F09C2BC567F000AF9B81 /* ActionSettingsTabView.swift */,
				5C50D2592BBED0FE00DF31AA /* AboutSettingsTabView.swift */,
				5C119D082BBE9B9900B2D7C4 /* ContentView.swift */,
				5C119D172BBE9C8F00B2D7C4 /* MenuBarView.swift */,
				5C119D0C2BBE9B9B00B2D7C4 /* Assets.xcassets */,
				5C119D112BBE9B9B00B2D7C4 /* RClick.entitlements */,
				5C119D0E2BBE9B9B00B2D7C4 /* Preview Content */,
				5C7C2D9F2BDD3FE500ED84EF /* Localizable.xcstrings */,
			);
			path = RClick;
			sourceTree = "<group>";
		};
		5C119D0E2BBE9B9B00B2D7C4 /* Preview Content */ = {
			isa = PBXGroup;
			children = (
				5C119D0F2BBE9B9B00B2D7C4 /* Preview Assets.xcassets */,
			);
			path = "Preview Content";
			sourceTree = "<group>";
		};
		5C119D312BBEA9AC00B2D7C4 /* FinderSyncExt */ = {
			isa = PBXGroup;
			children = (
				5CDE94A82BCADA0500B05814 /* FinderSyncExtRelease.entitlements */,
				5C119D322BBEA9AC00B2D7C4 /* FinderSync.swift */,
				5C119D342BBEA9AC00B2D7C4 /* Info.plist */,
				5C119D352BBEA9AC00B2D7C4 /* FinderSyncExt.entitlements */,
				5C128E702BC2E110001F73DA /* FinderSync+UserDefaults.swift */,
			);
			path = FinderSyncExt;
			sourceTree = "<group>";
		};
		5C50D27D2BBFB1E100DF31AA /* Shared */ = {
			isa = PBXGroup;
			children = (
				5C50D2932BBFD17C00DF31AA /* Model */,
				5C50D27E2BBFB21A00DF31AA /* Channel */,
				5C50D2812BBFB33200DF31AA /* StringExtension.swift */,
				5C50D2832BBFB42100DF31AA /* FolderItemStore.swift */,
				5C128E5A2BC2D088001F73DA /* MenuItemStore.swift */,
				5CC9F0992BC5445C00AF9B81 /* Messager.swift */,
				5C4288652BDA5536000C0828 /* AppLogger.swift */,
			);
			path = Shared;
			sourceTree = "<group>";
		};
		5C50D27E2BBFB21A00DF31AA /* Channel */ = {
			isa = PBXGroup;
			children = (
				5C50D27F2BBFB24000DF31AA /* AppCommChannel.swift */,
				5C128E582BC2CFBB001F73DA /* FinderCommChannel.swift */,
			);
			path = Channel;
			sourceTree = "<group>";
		};
		5C50D28B2BBFCFC400DF31AA /* Frameworks */ = {
			isa = PBXGroup;
			children = (
			);
			name = Frameworks;
			sourceTree = "<group>";
		};
		5C50D2932BBFD17C00DF31AA /* Model */ = {
			isa = PBXGroup;
			children = (
				5C128E5D2BC2D0F0001F73DA /* AppMenuItem.swift */,
				5C128E602BC2D11E001F73DA /* MenuItem.swift */,
				5C128E632BC2D17B001F73DA /* ActionMenuItem.swift */,
				5C128E662BC2D1AF001F73DA /* FolderItem.swift */,
				5C50D2862BBFB50C00DF31AA /* BookmarkFolderItem.swift */,
				5C128E692BC2D233001F73DA /* SyncFolderItem.swift */,
			);
			path = Model;
			sourceTree = "<group>";
		};
/* End PBXGroup section */

/* Begin PBXNativeTarget section */
		5C119D022BBE9B9900B2D7C4 /* RClick */ = {
			isa = PBXNativeTarget;
			buildConfigurationList = 5C119D142BBE9B9B00B2D7C4 /* Build configuration list for PBXNativeTarget "RClick" */;
			buildPhases = (
				5C119CFF2BBE9B9900B2D7C4 /* Sources */,
				5C119D002BBE9B9900B2D7C4 /* Frameworks */,
				5C119D012BBE9B9900B2D7C4 /* Resources */,
				5C119D2B2BBEA44300B2D7C4 /* Embed Foundation Extensions */,
			);
			buildRules = (
			);
			dependencies = (
				5C119D372BBEA9AC00B2D7C4 /* PBXTargetDependency */,
			);
			name = RClick;
			packageProductDependencies = (
				5C50D28C2BBFCFF600DF31AA /* OrderedCollections */,
			);
			productName = RClick;
			productReference = 5C119D032BBE9B9900B2D7C4 /* RClick.app */;
			productType = "com.apple.product-type.application";
		};
		5C119D2F2BBEA9AC00B2D7C4 /* FinderSyncExt */ = {
			isa = PBXNativeTarget;
			buildConfigurationList = 5C119D3B2BBEA9AC00B2D7C4 /* Build configuration list for PBXNativeTarget "FinderSyncExt" */;
			buildPhases = (
				5C119D2C2BBEA9AC00B2D7C4 /* Sources */,
				5C119D2D2BBEA9AC00B2D7C4 /* Frameworks */,
				5C119D2E2BBEA9AC00B2D7C4 /* Resources */,
			);
			buildRules = (
			);
			dependencies = (
			);
			name = FinderSyncExt;
			packageProductDependencies = (
				5C50D28E2BBFD00500DF31AA /* OrderedCollections */,
			);
			productName = FinderSyncExt;
			productReference = 5C119D302BBEA9AC00B2D7C4 /* FinderSyncExt.appex */;
			productType = "com.apple.product-type.app-extension";
		};
/* End PBXNativeTarget section */

/* Begin PBXProject section */
		5C119CFB2BBE9B9900B2D7C4 /* Project object */ = {
			isa = PBXProject;
			attributes = {
				BuildIndependentTargetsInParallel = 1;
				LastSwiftUpdateCheck = 1520;
				LastUpgradeCheck = 1530;
				TargetAttributes = {
					5C119D022BBE9B9900B2D7C4 = {
						CreatedOnToolsVersion = 15.2;
					};
					5C119D2F2BBEA9AC00B2D7C4 = {
						CreatedOnToolsVersion = 15.2;
					};
				};
			};
			buildConfigurationList = 5C119CFE2BBE9B9900B2D7C4 /* Build configuration list for PBXProject "RClick" */;
			compatibilityVersion = "Xcode 14.0";
			developmentRegion = en;
			hasScannedForEncodings = 0;
			knownRegions = (
				en,
				Base,
				"zh-Hans",
			);
			mainGroup = 5C119CFA2BBE9B9900B2D7C4;
			packageReferences = (
				5C50D2852BBFB47700DF31AA /* XCRemoteSwiftPackageReference "swift-collections" */,
			);
			productRefGroup = 5C119D042BBE9B9900B2D7C4 /* Products */;
			projectDirPath = "";
			projectRoot = "";
			targets = (
				5C119D022BBE9B9900B2D7C4 /* RClick */,
				5C119D2F2BBEA9AC00B2D7C4 /* FinderSyncExt */,
			);
		};
/* End PBXProject section */

/* Begin PBXResourcesBuildPhase section */
		5C119D012BBE9B9900B2D7C4 /* Resources */ = {
			isa = PBXResourcesBuildPhase;
			buildActionMask = 2147483647;
			files = (
				5C119D102BBE9B9B00B2D7C4 /* Preview Assets.xcassets in Resources */,
				5C119D0D2BBE9B9B00B2D7C4 /* Assets.xcassets in Resources */,
				5C7C2DA02BDD3FE500ED84EF /* Localizable.xcstrings in Resources */,
			);
			runOnlyForDeploymentPostprocessing = 0;
		};
		5C119D2E2BBEA9AC00B2D7C4 /* Resources */ = {
			isa = PBXResourcesBuildPhase;
			buildActionMask = 2147483647;
			files = (
				5C7C2DA12BDD3FE500ED84EF /* Localizable.xcstrings in Resources */,
			);
			runOnlyForDeploymentPostprocessing = 0;
		};
/* End PBXResourcesBuildPhase section */

/* Begin PBXSourcesBuildPhase section */
		5C119CFF2BBE9B9900B2D7C4 /* Sources */ = {
			isa = PBXSourcesBuildPhase;
			buildActionMask = 2147483647;
			files = (
				5CC9F09D2BC567F000AF9B81 /* ActionSettingsTabView.swift in Sources */,
				5C50D25A2BBED0FE00DF31AA /* AboutSettingsTabView.swift in Sources */,
				5C128E5E2BC2D0F0001F73DA /* AppMenuItem.swift in Sources */,
				5C50D2872BBFB50C00DF31AA /* BookmarkFolderItem.swift in Sources */,
				5C128E6A2BC2D233001F73DA /* SyncFolderItem.swift in Sources */,
				5C119D1A2BBE9D5700B2D7C4 /* SettingsView.swift in Sources */,
				5C119D092BBE9B9900B2D7C4 /* ContentView.swift in Sources */,
				5C50D2802BBFB24000DF31AA /* AppCommChannel.swift in Sources */,
				5C119D182BBE9C8F00B2D7C4 /* MenuBarView.swift in Sources */,
				5C50D2842BBFB42100DF31AA /* FolderItemStore.swift in Sources */,
				5CC9F09A2BC5445C00AF9B81 /* Messager.swift in Sources */,
				5C4288662BDA5536000C0828 /* AppLogger.swift in Sources */,
				5C128E642BC2D17B001F73DA /* ActionMenuItem.swift in Sources */,
				5C50D2822BBFB33200DF31AA /* StringExtension.swift in Sources */,
				5C128E612BC2D11E001F73DA /* MenuItem.swift in Sources */,
				5C158AA92BC64654006EC625 /* GeneralSettingsTabView.swift in Sources */,
				5C119D072BBE9B9900B2D7C4 /* RClickApp.swift in Sources */,
				5C128E672BC2D1AF001F73DA /* FolderItem.swift in Sources */,
				5C128E5B2BC2D088001F73DA /* MenuItemStore.swift in Sources */,
				5C158AAB2BC68B0A006EC625 /* AppDelegate.swift in Sources */,
			);
			runOnlyForDeploymentPostprocessing = 0;
		};
		5C119D2C2BBEA9AC00B2D7C4 /* Sources */ = {
			isa = PBXSourcesBuildPhase;
			buildActionMask = 2147483647;
			files = (
				5C128E712BC2E110001F73DA /* FinderSync+UserDefaults.swift in Sources */,
				5C119D332BBEA9AC00B2D7C4 /* FinderSync.swift in Sources */,
				5C128E5F2BC2D0F0001F73DA /* AppMenuItem.swift in Sources */,
				5C128E6C2BC2D3BD001F73DA /* FinderCommChannel.swift in Sources */,
				5C50D2922BBFD11100DF31AA /* StringExtension.swift in Sources */,
				5CC9F09B2BC5464400AF9B81 /* Messager.swift in Sources */,
				5C128E6B2BC2D233001F73DA /* SyncFolderItem.swift in Sources */,
				5C50D28A2BBFB9E800DF31AA /* FolderItemStore.swift in Sources */,
				5C128E622BC2D11E001F73DA /* MenuItem.swift in Sources */,
				5C50D2912BBFD08C00DF31AA /* BookmarkFolderItem.swift in Sources */,
				5C128E5C2BC2D0A3001F73DA /* MenuItemStore.swift in Sources */,
				5C128E682BC2D1AF001F73DA /* FolderItem.swift in Sources */,
				5C128E652BC2D17B001F73DA /* ActionMenuItem.swift in Sources */,
			);
			runOnlyForDeploymentPostprocessing = 0;
		};
/* End PBXSourcesBuildPhase section */

/* Begin PBXTargetDependency section */
		5C119D372BBEA9AC00B2D7C4 /* PBXTargetDependency */ = {
			isa = PBXTargetDependency;
			target = 5C119D2F2BBEA9AC00B2D7C4 /* FinderSyncExt */;
			targetProxy = 5C119D362BBEA9AC00B2D7C4 /* PBXContainerItemProxy */;
		};
/* End PBXTargetDependency section */

/* Begin XCBuildConfiguration section */
		5C119D122BBE9B9B00B2D7C4 /* Debug */ = {
			isa = XCBuildConfiguration;
			buildSettings = {
				ALWAYS_SEARCH_USER_PATHS = NO;
				ASSETCATALOG_COMPILER_GENERATE_SWIFT_ASSET_SYMBOL_EXTENSIONS = YES;
				CLANG_ANALYZER_NONNULL = YES;
				CLANG_ANALYZER_NUMBER_OBJECT_CONVERSION = YES_AGGRESSIVE;
				CLANG_CXX_LANGUAGE_STANDARD = "gnu++20";
				CLANG_ENABLE_MODULES = YES;
				CLANG_ENABLE_OBJC_ARC = YES;
				CLANG_ENABLE_OBJC_WEAK = YES;
				CLANG_WARN_BLOCK_CAPTURE_AUTORELEASING = YES;
				CLANG_WARN_BOOL_CONVERSION = YES;
				CLANG_WARN_COMMA = YES;
				CLANG_WARN_CONSTANT_CONVERSION = YES;
				CLANG_WARN_DEPRECATED_OBJC_IMPLEMENTATIONS = YES;
				CLANG_WARN_DIRECT_OBJC_ISA_USAGE = YES_ERROR;
				CLANG_WARN_DOCUMENTATION_COMMENTS = YES;
				CLANG_WARN_EMPTY_BODY = YES;
				CLANG_WARN_ENUM_CONVERSION = YES;
				CLANG_WARN_INFINITE_RECURSION = YES;
				CLANG_WARN_INT_CONVERSION = YES;
				CLANG_WARN_NON_LITERAL_NULL_CONVERSION = YES;
				CLANG_WARN_OBJC_IMPLICIT_RETAIN_SELF = YES;
				CLANG_WARN_OBJC_LITERAL_CONVERSION = YES;
				CLANG_WARN_OBJC_ROOT_CLASS = YES_ERROR;
				CLANG_WARN_QUOTED_INCLUDE_IN_FRAMEWORK_HEADER = YES;
				CLANG_WARN_RANGE_LOOP_ANALYSIS = YES;
				CLANG_WARN_STRICT_PROTOTYPES = YES;
				CLANG_WARN_SUSPICIOUS_MOVE = YES;
				CLANG_WARN_UNGUARDED_AVAILABILITY = YES_AGGRESSIVE;
				CLANG_WARN_UNREACHABLE_CODE = YES;
				CLANG_WARN__DUPLICATE_METHOD_MATCH = YES;
				COPY_PHASE_STRIP = NO;
				DEAD_CODE_STRIPPING = YES;
				DEBUG_INFORMATION_FORMAT = dwarf;
				ENABLE_STRICT_OBJC_MSGSEND = YES;
				ENABLE_TESTABILITY = YES;
				ENABLE_USER_SCRIPT_SANDBOXING = YES;
				GCC_C_LANGUAGE_STANDARD = gnu17;
				GCC_DYNAMIC_NO_PIC = NO;
				GCC_NO_COMMON_BLOCKS = YES;
				GCC_OPTIMIZATION_LEVEL = 0;
				GCC_PREPROCESSOR_DEFINITIONS = (
					"DEBUG=1",
					"$(inherited)",
				);
				GCC_WARN_64_TO_32_BIT_CONVERSION = YES;
				GCC_WARN_ABOUT_RETURN_TYPE = YES_ERROR;
				GCC_WARN_UNDECLARED_SELECTOR = YES;
				GCC_WARN_UNINITIALIZED_AUTOS = YES_AGGRESSIVE;
				GCC_WARN_UNUSED_FUNCTION = YES;
				GCC_WARN_UNUSED_VARIABLE = YES;
				LOCALIZATION_PREFERS_STRING_CATALOGS = YES;
				MACOSX_DEPLOYMENT_TARGET = 14.0;
				MTL_ENABLE_DEBUG_INFO = INCLUDE_SOURCE;
				MTL_FAST_MATH = YES;
				ONLY_ACTIVE_ARCH = YES;
				SDKROOT = macosx;
				SWIFT_ACTIVE_COMPILATION_CONDITIONS = "DEBUG $(inherited)";
				SWIFT_OPTIMIZATION_LEVEL = "-Onone";
			};
			name = Debug;
		};
		5C119D132BBE9B9B00B2D7C4 /* Release */ = {
			isa = XCBuildConfiguration;
			buildSettings = {
				ALWAYS_SEARCH_USER_PATHS = NO;
				ASSETCATALOG_COMPILER_GENERATE_SWIFT_ASSET_SYMBOL_EXTENSIONS = YES;
				CLANG_ANALYZER_NONNULL = YES;
				CLANG_ANALYZER_NUMBER_OBJECT_CONVERSION = YES_AGGRESSIVE;
				CLANG_CXX_LANGUAGE_STANDARD = "gnu++20";
				CLANG_ENABLE_MODULES = YES;
				CLANG_ENABLE_OBJC_ARC = YES;
				CLANG_ENABLE_OBJC_WEAK = YES;
				CLANG_WARN_BLOCK_CAPTURE_AUTORELEASING = YES;
				CLANG_WARN_BOOL_CONVERSION = YES;
				CLANG_WARN_COMMA = YES;
				CLANG_WARN_CONSTANT_CONVERSION = YES;
				CLANG_WARN_DEPRECATED_OBJC_IMPLEMENTATIONS = YES;
				CLANG_WARN_DIRECT_OBJC_ISA_USAGE = YES_ERROR;
				CLANG_WARN_DOCUMENTATION_COMMENTS = YES;
				CLANG_WARN_EMPTY_BODY = YES;
				CLANG_WARN_ENUM_CONVERSION = YES;
				CLANG_WARN_INFINITE_RECURSION = YES;
				CLANG_WARN_INT_CONVERSION = YES;
				CLANG_WARN_NON_LITERAL_NULL_CONVERSION = YES;
				CLANG_WARN_OBJC_IMPLICIT_RETAIN_SELF = YES;
				CLANG_WARN_OBJC_LITERAL_CONVERSION = YES;
				CLANG_WARN_OBJC_ROOT_CLASS = YES_ERROR;
				CLANG_WARN_QUOTED_INCLUDE_IN_FRAMEWORK_HEADER = YES;
				CLANG_WARN_RANGE_LOOP_ANALYSIS = YES;
				CLANG_WARN_STRICT_PROTOTYPES = YES;
				CLANG_WARN_SUSPICIOUS_MOVE = YES;
				CLANG_WARN_UNGUARDED_AVAILABILITY = YES_AGGRESSIVE;
				CLANG_WARN_UNREACHABLE_CODE = YES;
				CLANG_WARN__DUPLICATE_METHOD_MATCH = YES;
				COPY_PHASE_STRIP = NO;
				DEAD_CODE_STRIPPING = YES;
				DEBUG_INFORMATION_FORMAT = "dwarf-with-dsym";
				ENABLE_NS_ASSERTIONS = NO;
				ENABLE_STRICT_OBJC_MSGSEND = YES;
				ENABLE_USER_SCRIPT_SANDBOXING = YES;
				GCC_C_LANGUAGE_STANDARD = gnu17;
				GCC_NO_COMMON_BLOCKS = YES;
				GCC_WARN_64_TO_32_BIT_CONVERSION = YES;
				GCC_WARN_ABOUT_RETURN_TYPE = YES_ERROR;
				GCC_WARN_UNDECLARED_SELECTOR = YES;
				GCC_WARN_UNINITIALIZED_AUTOS = YES_AGGRESSIVE;
				GCC_WARN_UNUSED_FUNCTION = YES;
				GCC_WARN_UNUSED_VARIABLE = YES;
				LOCALIZATION_PREFERS_STRING_CATALOGS = YES;
				MACOSX_DEPLOYMENT_TARGET = 14.0;
				MTL_ENABLE_DEBUG_INFO = NO;
				MTL_FAST_MATH = YES;
				SDKROOT = macosx;
				SWIFT_COMPILATION_MODE = wholemodule;
			};
			name = Release;
		};
		5C119D152BBE9B9B00B2D7C4 /* Debug */ = {
			isa = XCBuildConfiguration;
			buildSettings = {
				ALWAYS_EMBED_SWIFT_STANDARD_LIBRARIES = YES;
				ASSETCATALOG_COMPILER_APPICON_NAME = AppIcon;
				ASSETCATALOG_COMPILER_GLOBAL_ACCENT_COLOR_NAME = AccentColor;
				ASSETCATALOG_COMPILER_INCLUDE_ALL_APPICON_ASSETS = YES;
				CODE_SIGN_ENTITLEMENTS = RClick/RClick.entitlements;
				CODE_SIGN_IDENTITY = "Apple Development";
				CODE_SIGN_STYLE = Automatic;
				COMBINE_HIDPI_IMAGES = YES;
				CURRENT_PROJECT_VERSION = 1.2.0;
				DEAD_CODE_STRIPPING = YES;
				DEVELOPMENT_ASSET_PATHS = "\"RClick/Preview Content\"";
				DEVELOPMENT_TEAM = 4L3563XCBN;
				ENABLE_HARDENED_RUNTIME = YES;
				ENABLE_PREVIEWS = YES;
				GENERATE_INFOPLIST_FILE = YES;
				INFOPLIST_FILE = RClick/Info.plist;
				INFOPLIST_KEY_CFBundleDisplayName = RClick;
				INFOPLIST_KEY_LSApplicationCategoryType = "public.app-category.utilities";
				INFOPLIST_KEY_LSUIElement = YES;
				INFOPLIST_KEY_NSHumanReadableCopyright = "Copyright ©️ 2024 Li Xu. All rights reserved";
				LD_RUNPATH_SEARCH_PATHS = (
					"$(inherited)",
					"@executable_path/../Frameworks",
				);
				MACOSX_DEPLOYMENT_TARGET = 14.0;
				MARKETING_VERSION = 1.0.0;
				PRODUCT_BUNDLE_IDENTIFIER = cn.wflixu.RClick;
				PRODUCT_NAME = "$(TARGET_NAME)";
				PROVISIONING_PROFILE_SPECIFIER = "";
				SWIFT_EMIT_LOC_STRINGS = YES;
				SWIFT_VERSION = 5.0;
			};
			name = Debug;
		};
		5C119D162BBE9B9B00B2D7C4 /* Release */ = {
			isa = XCBuildConfiguration;
			buildSettings = {
				ALWAYS_EMBED_SWIFT_STANDARD_LIBRARIES = YES;
				ASSETCATALOG_COMPILER_APPICON_NAME = AppIcon;
				ASSETCATALOG_COMPILER_GLOBAL_ACCENT_COLOR_NAME = AccentColor;
				ASSETCATALOG_COMPILER_INCLUDE_ALL_APPICON_ASSETS = YES;
				CODE_SIGN_ENTITLEMENTS = RClick/RClickRelease.entitlements;
				CODE_SIGN_IDENTITY = "Apple Development";
				CODE_SIGN_STYLE = Automatic;
				COMBINE_HIDPI_IMAGES = YES;
				CURRENT_PROJECT_VERSION = 1.2.0;
				DEAD_CODE_STRIPPING = YES;
				DEVELOPMENT_ASSET_PATHS = "\"RClick/Preview Content\"";
				DEVELOPMENT_TEAM = 4L3563XCBN;
				ENABLE_HARDENED_RUNTIME = YES;
				ENABLE_PREVIEWS = YES;
				GENERATE_INFOPLIST_FILE = YES;
				INFOPLIST_FILE = RClick/Info.plist;
				INFOPLIST_KEY_CFBundleDisplayName = RClick;
				INFOPLIST_KEY_LSApplicationCategoryType = "public.app-category.utilities";
				INFOPLIST_KEY_LSUIElement = YES;
				INFOPLIST_KEY_NSHumanReadableCopyright = "Copyright ©️ 2024 Li Xu. All rights reserved";
				LD_RUNPATH_SEARCH_PATHS = (
					"$(inherited)",
					"@executable_path/../Frameworks",
				);
				MACOSX_DEPLOYMENT_TARGET = 14.0;
				MARKETING_VERSION = 1.0.0;
				PRODUCT_BUNDLE_IDENTIFIER = cn.wflixu.RClick;
				PRODUCT_NAME = "$(TARGET_NAME)";
				PROVISIONING_PROFILE_SPECIFIER = "";
				SWIFT_EMIT_LOC_STRINGS = YES;
				SWIFT_VERSION = 5.0;
			};
			name = Release;
		};
		5C119D392BBEA9AC00B2D7C4 /* Debug */ = {
			isa = XCBuildConfiguration;
			buildSettings = {
				CODE_SIGN_ENTITLEMENTS = FinderSyncExt/FinderSyncExt.entitlements;
				"CODE_SIGN_IDENTITY[sdk=macosx*]" = "Apple Development";
				CODE_SIGN_STYLE = Automatic;
				COMBINE_HIDPI_IMAGES = YES;
				CURRENT_PROJECT_VERSION = 1.2.0;
				DEAD_CODE_STRIPPING = YES;
				DEVELOPMENT_TEAM = 4L3563XCBN;
				ENABLE_HARDENED_RUNTIME = YES;
				GENERATE_INFOPLIST_FILE = YES;
				INFOPLIST_FILE = FinderSyncExt/Info.plist;
				INFOPLIST_KEY_CFBundleDisplayName = FinderSyncExt;
				INFOPLIST_KEY_LSUIElement = YES;
				INFOPLIST_KEY_NSHumanReadableCopyright = "Copyright ©️ 2024 Li Xu. All rights reserved";
				LD_RUNPATH_SEARCH_PATHS = (
					"$(inherited)",
					"@executable_path/../Frameworks",
					"@executable_path/../../../../Frameworks",
				);
				MACOSX_DEPLOYMENT_TARGET = 14.0;
				MARKETING_VERSION = 1.0.0;
				PRODUCT_BUNDLE_IDENTIFIER = cn.wflixu.RClick.FinderSyncExt;
				PRODUCT_NAME = "$(TARGET_NAME)";
				SKIP_INSTALL = YES;
				SWIFT_EMIT_LOC_STRINGS = YES;
				SWIFT_VERSION = 5.0;
			};
			name = Debug;
		};
		5C119D3A2BBEA9AC00B2D7C4 /* Release */ = {
			isa = XCBuildConfiguration;
			buildSettings = {
				CODE_SIGN_ENTITLEMENTS = FinderSyncExt/FinderSyncExtRelease.entitlements;
				"CODE_SIGN_IDENTITY[sdk=macosx*]" = "Apple Development";
				CODE_SIGN_STYLE = Automatic;
				COMBINE_HIDPI_IMAGES = YES;
				CURRENT_PROJECT_VERSION = 1.2.0;
				DEAD_CODE_STRIPPING = YES;
				DEVELOPMENT_TEAM = 4L3563XCBN;
				ENABLE_HARDENED_RUNTIME = YES;
				GENERATE_INFOPLIST_FILE = YES;
				INFOPLIST_FILE = FinderSyncExt/Info.plist;
				INFOPLIST_KEY_CFBundleDisplayName = FinderSyncExt;
				INFOPLIST_KEY_LSUIElement = YES;
				INFOPLIST_KEY_NSHumanReadableCopyright = "Copyright ©️ 2024 Li Xu. All rights reserved";
				LD_RUNPATH_SEARCH_PATHS = (
					"$(inherited)",
					"@executable_path/../Frameworks",
					"@executable_path/../../../../Frameworks",
				);
				MACOSX_DEPLOYMENT_TARGET = 14.0;
				MARKETING_VERSION = 1.0.0;
				PRODUCT_BUNDLE_IDENTIFIER = cn.wflixu.RClick.FinderSyncExt;
				PRODUCT_NAME = "$(TARGET_NAME)";
				SKIP_INSTALL = YES;
				SWIFT_EMIT_LOC_STRINGS = YES;
				SWIFT_VERSION = 5.0;
			};
			name = Release;
		};
/* End XCBuildConfiguration section */

/* Begin XCConfigurationList section */
		5C119CFE2BBE9B9900B2D7C4 /* Build configuration list for PBXProject "RClick" */ = {
			isa = XCConfigurationList;
			buildConfigurations = (
				5C119D122BBE9B9B00B2D7C4 /* Debug */,
				5C119D132BBE9B9B00B2D7C4 /* Release */,
			);
			defaultConfigurationIsVisible = 0;
			defaultConfigurationName = Release;
		};
		5C119D142BBE9B9B00B2D7C4 /* Build configuration list for PBXNativeTarget "RClick" */ = {
			isa = XCConfigurationList;
			buildConfigurations = (
				5C119D152BBE9B9B00B2D7C4 /* Debug */,
				5C119D162BBE9B9B00B2D7C4 /* Release */,
			);
			defaultConfigurationIsVisible = 0;
			defaultConfigurationName = Release;
		};
		5C119D3B2BBEA9AC00B2D7C4 /* Build configuration list for PBXNativeTarget "FinderSyncExt" */ = {
			isa = XCConfigurationList;
			buildConfigurations = (
				5C119D392BBEA9AC00B2D7C4 /* Debug */,
				5C119D3A2BBEA9AC00B2D7C4 /* Release */,
			);
			defaultConfigurationIsVisible = 0;
			defaultConfigurationName = Release;
		};
/* End XCConfigurationList section */

/* Begin XCRemoteSwiftPackageReference section */
		5C50D2852BBFB47700DF31AA /* XCRemoteSwiftPackageReference "swift-collections" */ = {
			isa = XCRemoteSwiftPackageReference;
			repositoryURL = "https://github.com/apple/swift-collections.git";
			requirement = {
				kind = upToNextMajorVersion;
				minimumVersion = 1.1.0;
			};
		};
/* End XCRemoteSwiftPackageReference section */

/* Begin XCSwiftPackageProductDependency section */
		5C50D28C2BBFCFF600DF31AA /* OrderedCollections */ = {
			isa = XCSwiftPackageProductDependency;
			package = 5C50D2852BBFB47700DF31AA /* XCRemoteSwiftPackageReference "swift-collections" */;
			productName = OrderedCollections;
		};
		5C50D28E2BBFD00500DF31AA /* OrderedCollections */ = {
			isa = XCSwiftPackageProductDependency;
			package = 5C50D2852BBFB47700DF31AA /* XCRemoteSwiftPackageReference "swift-collections" */;
			productName = OrderedCollections;
		};
/* End XCSwiftPackageProductDependency section */
	};
	rootObject = 5C119CFB2BBE9B9900B2D7C4 /* Project object */;
}
